<?xml version="1.0" encoding="UTF-8"?>
<CodeBlocks_project_file>
	<FileVersion major="1" minor="6"/>
	<Project>
		<Option title="AsmEditor"/>
		<Option makefile_is_custom="1"/>
		<Option compiler="gcc"/>
		<Option virtualFolders="CMake Files\;CMake Files\cmake\;CMake Files\..\;CMake Files\..\buildRelWithDeb\;CMake Files\..\buildRelWithDeb\antlr4_runtime\;CMake Files\..\buildRelWithDeb\antlr4_runtime\tmp\;CMake Files\..\..\;CMake Files\..\..\..\;CMake Files\..\..\..\..\;CMake Files\..\..\..\..\..\;CMake Files\..\..\..\..\..\..\;CMake Files\..\..\..\..\..\..\..\;CMake Files\..\..\..\..\..\..\..\Programme\;CMake Files\..\..\..\..\..\..\..\Programme\QT\;CMake Files\..\..\..\..\..\..\..\Programme\QT\5.12.8\;CMake Files\..\..\..\..\..\..\..\Programme\QT\5.12.8\mingw73_64\;CMake Files\..\..\..\..\..\..\..\Programme\QT\5.12.8\mingw73_64\lib\;CMake Files\..\..\..\..\..\..\..\Programme\QT\5.12.8\mingw73_64\lib\cmake\;CMake Files\..\..\..\..\..\..\..\Programme\QT\5.12.8\mingw73_64\lib\cmake\Qt5\;CMake Files\..\..\..\..\..\..\..\Programme\QT\5.12.8\mingw73_64\lib\cmake\Qt5Widgets\;CMake Files\..\..\..\..\..\..\..\Programme\QT\5.12.8\mingw73_64\lib\cmake\Qt5Gui\;CMake Files\..\..\..\..\..\..\..\Programme\QT\5.12.8\mingw73_64\lib\cmake\Qt5Core\;"/>
		<Build>
			<Target title="all">
				<Option working_dir="H:/MyStuff/PrivateProjects/CPPProjects/ArmSimulator/src/asmeditor/buildRelWithDeb"/>
				<Option type="4"/>
				<MakeCommands>
					<Build command="H:/Programme/Ninja/ninja.exe -v all"/>
					<CompileFile command="H:/Programme/Ninja/ninja.exe -v &quot;$file&quot;"/>
					<Clean command="H:/Programme/Ninja/ninja.exe -v clean"/>
					<DistClean command="H:/Programme/Ninja/ninja.exe -v clean"/>
				</MakeCommands>
			</Target>
			<Target title="rebuild_cache">
				<Option working_dir="H:/MyStuff/PrivateProjects/CPPProjects/ArmSimulator/src/asmeditor/buildRelWithDeb"/>
				<Option type="4"/>
				<MakeCommands>
					<Build command="H:/Programme/Ninja/ninja.exe -v rebuild_cache"/>
					<CompileFile command="H:/Programme/Ninja/ninja.exe -v &quot;$file&quot;"/>
					<Clean command="H:/Programme/Ninja/ninja.exe -v clean"/>
					<DistClean command="H:/Programme/Ninja/ninja.exe -v clean"/>
				</MakeCommands>
			</Target>
			<Target title="antlr4_runtime-build_static">
				<Option working_dir="H:/MyStuff/PrivateProjects/CPPProjects/ArmSimulator/src/asmeditor/buildRelWithDeb"/>
				<Option type="4"/>
				<MakeCommands>
					<Build command="H:/Programme/Ninja/ninja.exe -v antlr4_runtime-build_static"/>
					<CompileFile command="H:/Programme/Ninja/ninja.exe -v &quot;$file&quot;"/>
					<Clean command="H:/Programme/Ninja/ninja.exe -v clean"/>
					<DistClean command="H:/Programme/Ninja/ninja.exe -v clean"/>
				</MakeCommands>
			</Target>
			<Target title="antlr4_runtime-build_shared">
				<Option working_dir="H:/MyStuff/PrivateProjects/CPPProjects/ArmSimulator/src/asmeditor/buildRelWithDeb"/>
				<Option type="4"/>
				<MakeCommands>
					<Build command="H:/Programme/Ninja/ninja.exe -v antlr4_runtime-build_shared"/>
					<CompileFile command="H:/Programme/Ninja/ninja.exe -v &quot;$file&quot;"/>
					<Clean command="H:/Programme/Ninja/ninja.exe -v clean"/>
					<DistClean command="H:/Programme/Ninja/ninja.exe -v clean"/>
				</MakeCommands>
			</Target>
			<Target title="antlr4_runtime">
				<Option working_dir="H:/MyStuff/PrivateProjects/CPPProjects/ArmSimulator/src/asmeditor/buildRelWithDeb"/>
				<Option type="4"/>
				<MakeCommands>
					<Build command="H:/Programme/Ninja/ninja.exe -v antlr4_runtime"/>
					<CompileFile command="H:/Programme/Ninja/ninja.exe -v &quot;$file&quot;"/>
					<Clean command="H:/Programme/Ninja/ninja.exe -v clean"/>
					<DistClean command="H:/Programme/Ninja/ninja.exe -v clean"/>
				</MakeCommands>
			</Target>
			<Target title="AsmEditor">
				<Option output="H:/MyStuff/PrivateProjects/CPPProjects/ArmSimulator/src/asmeditor/buildRelWithDeb/AsmEditor.exe" prefix_auto="0" extension_auto="0"/>
				<Option working_dir="H:/MyStuff/PrivateProjects/CPPProjects/ArmSimulator/src/asmeditor/buildRelWithDeb"/>
				<Option object_output="./"/>
				<Option type="1"/>
				<Option compiler="gcc"/>
				<Compiler>
					<Add option="-DANTLR4CPP_STATIC"/>
					<Add option="-DQT_NO_KEYWORDS"/>
					<Add option="-DQT_WIDGETS_LIB"/>
					<Add option="-DQT_GUI_LIB"/>
					<Add option="-DQT_CORE_LIB"/>
					<Add option="-DQT_NO_DEBUG"/>
					<Add directory="H:/MyStuff/PrivateProjects/CPPProjects/ArmSimulator/src/asmeditor/buildRelWithDeb"/>
					<Add directory="H:/MyStuff/PrivateProjects/CPPProjects/ArmSimulator/src/asmeditor/AsmEditor"/>
					<Add directory="H:/MyStuff/PrivateProjects/CPPProjects/ArmSimulator/src/asmeditor/buildRelWithDeb/AsmEditor_autogen/include"/>
					<Add directory="H:/MyStuff/PrivateProjects/CPPProjects/ArmSimulator/src/asmeditor/buildRelWithDeb/antlr4_runtime/src/antlr4_runtime/runtime/Cpp/runtime/src"/>
					<Add directory="H:/MyStuff/PrivateProjects/CPPProjects/ArmSimulator/src/asmeditor/AsmEditor/armparser/assembler"/>
					<Add directory="H:/MyStuff/PrivateProjects/CPPProjects/ArmSimulator/src/asmeditor/AsmEditor/armparser/walker"/>
					<Add directory="H:/MyStuff/PrivateProjects/CPPProjects/ArmSimulator/src/asmeditor/AsmEditor/codearea"/>
					<Add directory="H:/MyStuff/PrivateProjects/CPPProjects/ArmSimulator/src/asmeditor/AsmEditor/managers"/>
					<Add directory="H:/MyStuff/PrivateProjects/CPPProjects/ArmSimulator/src/asmeditor/AsmEditor/armparser"/>
					<Add directory="H:/Programme/QT/5.12.8/mingw73_64/include"/>
					<Add directory="H:/Programme/QT/5.12.8/mingw73_64/include/QtWidgets"/>
					<Add directory="H:/Programme/QT/5.12.8/mingw73_64/include/QtGui"/>
					<Add directory="H:/Programme/QT/5.12.8/mingw73_64/include/QtANGLE"/>
					<Add directory="H:/Programme/QT/5.12.8/mingw73_64/include/QtCore"/>
					<Add directory="H:/Programme/QT/5.12.8/mingw73_64/./mkspecs/win32-g++"/>
					<Add directory="H:/Programme/QT/Tools/mingw730_64/bin/../lib/gcc/x86_64-w64-mingw32/7.3.0/include/c++"/>
					<Add directory="H:/Programme/QT/Tools/mingw730_64/bin/../lib/gcc/x86_64-w64-mingw32/7.3.0/include/c++/x86_64-w64-mingw32"/>
					<Add directory="H:/Programme/QT/Tools/mingw730_64/bin/../lib/gcc/x86_64-w64-mingw32/7.3.0/include/c++/backward"/>
					<Add directory="H:/Programme/QT/Tools/mingw730_64/bin/../lib/gcc/x86_64-w64-mingw32/7.3.0/include"/>
					<Add directory="H:/Programme/QT/Tools/mingw730_64/bin/../lib/gcc/x86_64-w64-mingw32/7.3.0/include-fixed"/>
					<Add directory="H:/Programme/QT/Tools/mingw730_64/bin/../lib/gcc/x86_64-w64-mingw32/7.3.0/../../../../x86_64-w64-mingw32/include"/>
				</Compiler>
				<MakeCommands>
					<Build command="H:/Programme/Ninja/ninja.exe -v AsmEditor"/>
					<CompileFile command="H:/Programme/Ninja/ninja.exe -v &quot;$file&quot;"/>
					<Clean command="H:/Programme/Ninja/ninja.exe -v clean"/>
					<DistClean command="H:/Programme/Ninja/ninja.exe -v clean"/>
				</MakeCommands>
			</Target>
			<Target title="AsmEditor/fast">
				<Option output="H:/MyStuff/PrivateProjects/CPPProjects/ArmSimulator/src/asmeditor/buildRelWithDeb/AsmEditor.exe" prefix_auto="0" extension_auto="0"/>
				<Option working_dir="H:/MyStuff/PrivateProjects/CPPProjects/ArmSimulator/src/asmeditor/buildRelWithDeb"/>
				<Option object_output="./"/>
				<Option type="1"/>
				<Option compiler="gcc"/>
				<Compiler>
					<Add option="-DANTLR4CPP_STATIC"/>
					<Add option="-DQT_NO_KEYWORDS"/>
					<Add option="-DQT_WIDGETS_LIB"/>
					<Add option="-DQT_GUI_LIB"/>
					<Add option="-DQT_CORE_LIB"/>
					<Add option="-DQT_NO_DEBUG"/>
					<Add directory="H:/MyStuff/PrivateProjects/CPPProjects/ArmSimulator/src/asmeditor/buildRelWithDeb"/>
					<Add directory="H:/MyStuff/PrivateProjects/CPPProjects/ArmSimulator/src/asmeditor/AsmEditor"/>
					<Add directory="H:/MyStuff/PrivateProjects/CPPProjects/ArmSimulator/src/asmeditor/buildRelWithDeb/AsmEditor_autogen/include"/>
					<Add directory="H:/MyStuff/PrivateProjects/CPPProjects/ArmSimulator/src/asmeditor/buildRelWithDeb/antlr4_runtime/src/antlr4_runtime/runtime/Cpp/runtime/src"/>
					<Add directory="H:/MyStuff/PrivateProjects/CPPProjects/ArmSimulator/src/asmeditor/AsmEditor/armparser/assembler"/>
					<Add directory="H:/MyStuff/PrivateProjects/CPPProjects/ArmSimulator/src/asmeditor/AsmEditor/armparser/walker"/>
					<Add directory="H:/MyStuff/PrivateProjects/CPPProjects/ArmSimulator/src/asmeditor/AsmEditor/codearea"/>
					<Add directory="H:/MyStuff/PrivateProjects/CPPProjects/ArmSimulator/src/asmeditor/AsmEditor/managers"/>
					<Add directory="H:/MyStuff/PrivateProjects/CPPProjects/ArmSimulator/src/asmeditor/AsmEditor/armparser"/>
					<Add directory="H:/Programme/QT/5.12.8/mingw73_64/include"/>
					<Add directory="H:/Programme/QT/5.12.8/mingw73_64/include/QtWidgets"/>
					<Add directory="H:/Programme/QT/5.12.8/mingw73_64/include/QtGui"/>
					<Add directory="H:/Programme/QT/5.12.8/mingw73_64/include/QtANGLE"/>
					<Add directory="H:/Programme/QT/5.12.8/mingw73_64/include/QtCore"/>
					<Add directory="H:/Programme/QT/5.12.8/mingw73_64/./mkspecs/win32-g++"/>
					<Add directory="H:/Programme/QT/Tools/mingw730_64/bin/../lib/gcc/x86_64-w64-mingw32/7.3.0/include/c++"/>
					<Add directory="H:/Programme/QT/Tools/mingw730_64/bin/../lib/gcc/x86_64-w64-mingw32/7.3.0/include/c++/x86_64-w64-mingw32"/>
					<Add directory="H:/Programme/QT/Tools/mingw730_64/bin/../lib/gcc/x86_64-w64-mingw32/7.3.0/include/c++/backward"/>
					<Add directory="H:/Programme/QT/Tools/mingw730_64/bin/../lib/gcc/x86_64-w64-mingw32/7.3.0/include"/>
					<Add directory="H:/Programme/QT/Tools/mingw730_64/bin/../lib/gcc/x86_64-w64-mingw32/7.3.0/include-fixed"/>
					<Add directory="H:/Programme/QT/Tools/mingw730_64/bin/../lib/gcc/x86_64-w64-mingw32/7.3.0/../../../../x86_64-w64-mingw32/include"/>
				</Compiler>
				<MakeCommands>
					<Build command="H:/Programme/Ninja/ninja.exe -v AsmEditor/fast"/>
					<CompileFile command="H:/Programme/Ninja/ninja.exe -v &quot;$file&quot;"/>
					<Clean command="H:/Programme/Ninja/ninja.exe -v clean"/>
					<DistClean command="H:/Programme/Ninja/ninja.exe -v clean"/>
				</MakeCommands>
			</Target>
			<Target title="edit_cache">
				<Option working_dir="H:/MyStuff/PrivateProjects/CPPProjects/ArmSimulator/src/asmeditor/buildRelWithDeb"/>
				<Option type="4"/>
				<MakeCommands>
					<Build command="H:/Programme/Ninja/ninja.exe -v edit_cache"/>
					<CompileFile command="H:/Programme/Ninja/ninja.exe -v &quot;$file&quot;"/>
					<Clean command="H:/Programme/Ninja/ninja.exe -v clean"/>
					<DistClean command="H:/Programme/Ninja/ninja.exe -v clean"/>
				</MakeCommands>
			</Target>
			<Target title="AsmEditor_autogen">
				<Option working_dir="H:/MyStuff/PrivateProjects/CPPProjects/ArmSimulator/src/asmeditor/buildRelWithDeb"/>
				<Option type="4"/>
				<MakeCommands>
					<Build command="H:/Programme/Ninja/ninja.exe -v AsmEditor_autogen"/>
					<CompileFile command="H:/Programme/Ninja/ninja.exe -v &quot;$file&quot;"/>
					<Clean command="H:/Programme/Ninja/ninja.exe -v clean"/>
					<DistClean command="H:/Programme/Ninja/ninja.exe -v clean"/>
				</MakeCommands>
			</Target>
		</Build>
		<Unit filename="H:/MyStuff/PrivateProjects/CPPProjects/ArmSimulator/src/asmeditor/AsmEditor/Resources.qrc">
			<Option target="AsmEditor"/>
		</Unit>
		<Unit filename="H:/MyStuff/PrivateProjects/CPPProjects/ArmSimulator/src/asmeditor/AsmEditor/armparser/assembler/ARMLexer.cpp">
			<Option target="AsmEditor"/>
		</Unit>
		<Unit filename="H:/MyStuff/PrivateProjects/CPPProjects/ArmSimulator/src/asmeditor/AsmEditor/armparser/assembler/ARMLexer.h">
			<Option target="AsmEditor"/>
		</Unit>
		<Unit filename="H:/MyStuff/PrivateProjects/CPPProjects/ArmSimulator/src/asmeditor/AsmEditor/armparser/assembler/ARMParser.cpp">
			<Option target="AsmEditor"/>
		</Unit>
		<Unit filename="H:/MyStuff/PrivateProjects/CPPProjects/ArmSimulator/src/asmeditor/AsmEditor/armparser/assembler/ARMParser.h">
			<Option target="AsmEditor"/>
		</Unit>
		<Unit filename="H:/MyStuff/PrivateProjects/CPPProjects/ArmSimulator/src/asmeditor/AsmEditor/armparser/assembler/ARMParserBaseListener.cpp">
			<Option target="AsmEditor"/>
		</Unit>
		<Unit filename="H:/MyStuff/PrivateProjects/CPPProjects/ArmSimulator/src/asmeditor/AsmEditor/armparser/assembler/ARMParserBaseListener.h">
			<Option target="AsmEditor"/>
		</Unit>
		<Unit filename="H:/MyStuff/PrivateProjects/CPPProjects/ArmSimulator/src/asmeditor/AsmEditor/armparser/assembler/ARMParserBaseVisitor.cpp">
			<Option target="AsmEditor"/>
		</Unit>
		<Unit filename="H:/MyStuff/PrivateProjects/CPPProjects/ArmSimulator/src/asmeditor/AsmEditor/armparser/assembler/ARMParserBaseVisitor.h">
			<Option target="AsmEditor"/>
		</Unit>
		<Unit filename="H:/MyStuff/PrivateProjects/CPPProjects/ArmSimulator/src/asmeditor/AsmEditor/armparser/assembler/ARMParserListener.cpp">
			<Option target="AsmEditor"/>
		</Unit>
		<Unit filename="H:/MyStuff/PrivateProjects/CPPProjects/ArmSimulator/src/asmeditor/AsmEditor/armparser/assembler/ARMParserListener.h">
			<Option target="AsmEditor"/>
		</Unit>
		<Unit filename="H:/MyStuff/PrivateProjects/CPPProjects/ArmSimulator/src/asmeditor/AsmEditor/armparser/assembler/ARMParserVisitor.cpp">
			<Option target="AsmEditor"/>
		</Unit>
		<Unit filename="H:/MyStuff/PrivateProjects/CPPProjects/ArmSimulator/src/asmeditor/AsmEditor/armparser/assembler/ARMParserVisitor.h">
			<Option target="AsmEditor"/>
		</Unit>
		<Unit filename="H:/MyStuff/PrivateProjects/CPPProjects/ArmSimulator/src/asmeditor/AsmEditor/armparser/walker/CommandVisitor.cpp">
			<Option target="AsmEditor"/>
		</Unit>
		<Unit filename="H:/MyStuff/PrivateProjects/CPPProjects/ArmSimulator/src/asmeditor/AsmEditor/armparser/walker/CommandVisitor.h">
			<Option target="AsmEditor"/>
		</Unit>
		<Unit filename="H:/MyStuff/PrivateProjects/CPPProjects/ArmSimulator/src/asmeditor/AsmEditor/armprocessor/architecture/ALU.cpp">
			<Option target="AsmEditor"/>
		</Unit>
		<Unit filename="H:/MyStuff/PrivateProjects/CPPProjects/ArmSimulator/src/asmeditor/AsmEditor/armprocessor/architecture/ALU.h">
			<Option target="AsmEditor"/>
		</Unit>
		<Unit filename="H:/MyStuff/PrivateProjects/CPPProjects/ArmSimulator/src/asmeditor/AsmEditor/armprocessor/architecture/Aluops.h">
			<Option target="AsmEditor"/>
		</Unit>
		<Unit filename="H:/MyStuff/PrivateProjects/CPPProjects/ArmSimulator/src/asmeditor/AsmEditor/armprocessor/architecture/CurrentProgramStatusRegister.h">
			<Option target="AsmEditor"/>
		</Unit>
		<Unit filename="H:/MyStuff/PrivateProjects/CPPProjects/ArmSimulator/src/asmeditor/AsmEditor/armprocessor/bits.cpp">
			<Option target="AsmEditor"/>
		</Unit>
		<Unit filename="H:/MyStuff/PrivateProjects/CPPProjects/ArmSimulator/src/asmeditor/AsmEditor/armprocessor/bits.h">
			<Option target="AsmEditor"/>
		</Unit>
		<Unit filename="H:/MyStuff/PrivateProjects/CPPProjects/ArmSimulator/src/asmeditor/AsmEditor/armprocessor/instructions/Condition.h">
			<Option target="AsmEditor"/>
		</Unit>
		<Unit filename="H:/MyStuff/PrivateProjects/CPPProjects/ArmSimulator/src/asmeditor/AsmEditor/armprocessor/instructions/Instruction.cpp">
			<Option target="AsmEditor"/>
		</Unit>
		<Unit filename="H:/MyStuff/PrivateProjects/CPPProjects/ArmSimulator/src/asmeditor/AsmEditor/armprocessor/instructions/Instruction.h">
			<Option target="AsmEditor"/>
		</Unit>
		<Unit filename="H:/MyStuff/PrivateProjects/CPPProjects/ArmSimulator/src/asmeditor/AsmEditor/armprocessor/instructions/SourceLocation.cpp">
			<Option target="AsmEditor"/>
		</Unit>
		<Unit filename="H:/MyStuff/PrivateProjects/CPPProjects/ArmSimulator/src/asmeditor/AsmEditor/armprocessor/instructions/SourceLocation.h">
			<Option target="AsmEditor"/>
		</Unit>
		<Unit filename="H:/MyStuff/PrivateProjects/CPPProjects/ArmSimulator/src/asmeditor/AsmEditor/armprocessor/processor.cpp">
			<Option target="AsmEditor"/>
		</Unit>
		<Unit filename="H:/MyStuff/PrivateProjects/CPPProjects/ArmSimulator/src/asmeditor/AsmEditor/armprocessor/processor.h">
			<Option target="AsmEditor"/>
		</Unit>
		<Unit filename="H:/MyStuff/PrivateProjects/CPPProjects/ArmSimulator/src/asmeditor/AsmEditor/codearea/BreakPointWidget.h">
			<Option target="AsmEditor"/>
		</Unit>
		<Unit filename="H:/MyStuff/PrivateProjects/CPPProjects/ArmSimulator/src/asmeditor/AsmEditor/codearea/codearea.cpp">
			<Option target="AsmEditor"/>
		</Unit>
		<Unit filename="H:/MyStuff/PrivateProjects/CPPProjects/ArmSimulator/src/asmeditor/AsmEditor/codearea/codearea.h">
			<Option target="AsmEditor"/>
		</Unit>
		<Unit filename="H:/MyStuff/PrivateProjects/CPPProjects/ArmSimulator/src/asmeditor/AsmEditor/codearea/highlighter.cpp">
			<Option target="AsmEditor"/>
		</Unit>
		<Unit filename="H:/MyStuff/PrivateProjects/CPPProjects/ArmSimulator/src/asmeditor/AsmEditor/codearea/highlighter.h">
			<Option target="AsmEditor"/>
		</Unit>
		<Unit filename="H:/MyStuff/PrivateProjects/CPPProjects/ArmSimulator/src/asmeditor/AsmEditor/codearea/linenumberwidget.h">
			<Option target="AsmEditor"/>
		</Unit>
		<Unit filename="H:/MyStuff/PrivateProjects/CPPProjects/ArmSimulator/src/asmeditor/AsmEditor/consolewindow/consolewindow.cpp">
			<Option target="AsmEditor"/>
		</Unit>
		<Unit filename="H:/MyStuff/PrivateProjects/CPPProjects/ArmSimulator/src/asmeditor/AsmEditor/consolewindow/consolewindow.h">
			<Option target="AsmEditor"/>
		</Unit>
		<Unit filename="H:/MyStuff/PrivateProjects/CPPProjects/ArmSimulator/src/asmeditor/AsmEditor/mainwindow.cpp">
			<Option target="AsmEditor"/>
		</Unit>
		<Unit filename="H:/MyStuff/PrivateProjects/CPPProjects/ArmSimulator/src/asmeditor/AsmEditor/mainwindow.h">
			<Option target="AsmEditor"/>
		</Unit>
		<Unit filename="H:/MyStuff/PrivateProjects/CPPProjects/ArmSimulator/src/asmeditor/AsmEditor/mainwindow.ui">
			<Option target="AsmEditor"/>
		</Unit>
		<Unit filename="H:/MyStuff/PrivateProjects/CPPProjects/ArmSimulator/src/asmeditor/AsmEditor/managers/filemanager.cpp">
			<Option target="AsmEditor"/>
		</Unit>
		<Unit filename="H:/MyStuff/PrivateProjects/CPPProjects/ArmSimulator/src/asmeditor/AsmEditor/managers/filemanager.h">
			<Option target="AsmEditor"/>
		</Unit>
		<Unit filename="H:/MyStuff/PrivateProjects/CPPProjects/ArmSimulator/src/asmeditor/AsmEditor/managers/processormanager.cpp">
			<Option target="AsmEditor"/>
		</Unit>
		<Unit filename="H:/MyStuff/PrivateProjects/CPPProjects/ArmSimulator/src/asmeditor/AsmEditor/managers/processormanager.h">
			<Option target="AsmEditor"/>
		</Unit>
		<Unit filename="H:/MyStuff/PrivateProjects/CPPProjects/ArmSimulator/src/asmeditor/buildRelWithDeb/AsmEditor_autogen/EWIEGA46WW/qrc_Resources.cpp">
			<Option target="AsmEditor"/>
		</Unit>
		<Unit filename="H:/MyStuff/PrivateProjects/CPPProjects/ArmSimulator/src/asmeditor/buildRelWithDeb/AsmEditor_autogen/EWIEGA46WW/qrc_Resources.cpp.rule">
			<Option target="AsmEditor"/>
		</Unit>
		<Unit filename="H:/MyStuff/PrivateProjects/CPPProjects/ArmSimulator/src/asmeditor/buildRelWithDeb/AsmEditor_autogen/mocs_compilation.cpp">
			<Option target="AsmEditor"/>
		</Unit>
		<Unit filename="H:/MyStuff/PrivateProjects/CPPProjects/ArmSimulator/src/asmeditor/AsmEditor/CMakeLists.txt">
			<Option virtualFolder="CMake Files\"/>
		</Unit>
		<Unit filename="H:/MyStuff/PrivateProjects/CPPProjects/ArmSimulator/src/asmeditor/AsmEditor/Resources.qrc">
			<Option virtualFolder="CMake Files\"/>
		</Unit>
		<Unit filename="H:/MyStuff/PrivateProjects/CPPProjects/ArmSimulator/src/asmeditor/AsmEditor/cmake/ExternalAntlr4Cpp.cmake">
			<Option virtualFolder="CMake Files\cmake\"/>
		</Unit>
		<Unit filename="H:/MyStuff/PrivateProjects/CPPProjects/ArmSimulator/src/asmeditor/AsmEditor/cmake/FindANTLR.cmake">
			<Option virtualFolder="CMake Files\cmake\"/>
		</Unit>
		<Unit filename="H:/MyStuff/PrivateProjects/CPPProjects/ArmSimulator/src/asmeditor/AsmEditor/../buildRelWithDeb/antlr4_runtime/tmp/antlr4_runtime-cfgcmd.txt.in">
			<Option virtualFolder="CMake Files\..\buildRelWithDeb\antlr4_runtime\tmp\"/>
		</Unit>
		<Unit filename="H:/MyStuff/PrivateProjects/CPPProjects/ArmSimulator/src/asmeditor/AsmEditor/../../../../../../../Programme/QT/5.12.8/mingw73_64/lib/cmake/Qt5/Qt5Config.cmake">
			<Option virtualFolder="CMake Files\..\..\..\..\..\..\..\Programme\QT\5.12.8\mingw73_64\lib\cmake\Qt5\"/>
		</Unit>
		<Unit filename="H:/MyStuff/PrivateProjects/CPPProjects/ArmSimulator/src/asmeditor/AsmEditor/../../../../../../../Programme/QT/5.12.8/mingw73_64/lib/cmake/Qt5/Qt5ConfigVersion.cmake">
			<Option virtualFolder="CMake Files\..\..\..\..\..\..\..\Programme\QT\5.12.8\mingw73_64\lib\cmake\Qt5\"/>
		</Unit>
		<Unit filename="H:/MyStuff/PrivateProjects/CPPProjects/ArmSimulator/src/asmeditor/AsmEditor/../../../../../../../Programme/QT/5.12.8/mingw73_64/lib/cmake/Qt5/Qt5ModuleLocation.cmake">
			<Option virtualFolder="CMake Files\..\..\..\..\..\..\..\Programme\QT\5.12.8\mingw73_64\lib\cmake\Qt5\"/>
		</Unit>
		<Unit filename="H:/MyStuff/PrivateProjects/CPPProjects/ArmSimulator/src/asmeditor/AsmEditor/../../../../../../../Programme/QT/5.12.8/mingw73_64/lib/cmake/Qt5Widgets/Qt5WidgetsConfig.cmake">
			<Option virtualFolder="CMake Files\..\..\..\..\..\..\..\Programme\QT\5.12.8\mingw73_64\lib\cmake\Qt5Widgets\"/>
		</Unit>
		<Unit filename="H:/MyStuff/PrivateProjects/CPPProjects/ArmSimulator/src/asmeditor/AsmEditor/../../../../../../../Programme/QT/5.12.8/mingw73_64/lib/cmake/Qt5Widgets/Qt5WidgetsConfigExtras.cmake">
			<Option virtualFolder="CMake Files\..\..\..\..\..\..\..\Programme\QT\5.12.8\mingw73_64\lib\cmake\Qt5Widgets\"/>
		</Unit>
		<Unit filename="H:/MyStuff/PrivateProjects/CPPProjects/ArmSimulator/src/asmeditor/AsmEditor/../../../../../../../Programme/QT/5.12.8/mingw73_64/lib/cmake/Qt5Widgets/Qt5WidgetsConfigVersion.cmake">
			<Option virtualFolder="CMake Files\..\..\..\..\..\..\..\Programme\QT\5.12.8\mingw73_64\lib\cmake\Qt5Widgets\"/>
		</Unit>
		<Unit filename="H:/MyStuff/PrivateProjects/CPPProjects/ArmSimulator/src/asmeditor/AsmEditor/../../../../../../../Programme/QT/5.12.8/mingw73_64/lib/cmake/Qt5Widgets/Qt5WidgetsMacros.cmake">
			<Option virtualFolder="CMake Files\..\..\..\..\..\..\..\Programme\QT\5.12.8\mingw73_64\lib\cmake\Qt5Widgets\"/>
		</Unit>
		<Unit filename="H:/MyStuff/PrivateProjects/CPPProjects/ArmSimulator/src/asmeditor/AsmEditor/../../../../../../../Programme/QT/5.12.8/mingw73_64/lib/cmake/Qt5Widgets/Qt5Widgets_QWindowsVistaStylePlugin.cmake">
			<Option virtualFolder="CMake Files\..\..\..\..\..\..\..\Programme\QT\5.12.8\mingw73_64\lib\cmake\Qt5Widgets\"/>
		</Unit>
		<Unit filename="H:/MyStuff/PrivateProjects/CPPProjects/ArmSimulator/src/asmeditor/AsmEditor/../../../../../../../Programme/QT/5.12.8/mingw73_64/lib/cmake/Qt5Gui/Qt5GuiConfig.cmake">
			<Option virtualFolder="CMake Files\..\..\..\..\..\..\..\Programme\QT\5.12.8\mingw73_64\lib\cmake\Qt5Gui\"/>
		</Unit>
		<Unit filename="H:/MyStuff/PrivateProjects/CPPProjects/ArmSimulator/src/asmeditor/AsmEditor/../../../../../../../Programme/QT/5.12.8/mingw73_64/lib/cmake/Qt5Gui/Qt5GuiConfigExtras.cmake">
			<Option virtualFolder="CMake Files\..\..\..\..\..\..\..\Programme\QT\5.12.8\mingw73_64\lib\cmake\Qt5Gui\"/>
		</Unit>
		<Unit filename="H:/MyStuff/PrivateProjects/CPPProjects/ArmSimulator/src/asmeditor/AsmEditor/../../../../../../../Programme/QT/5.12.8/mingw73_64/lib/cmake/Qt5Gui/Qt5GuiConfigVersion.cmake">
			<Option virtualFolder="CMake Files\..\..\..\..\..\..\..\Programme\QT\5.12.8\mingw73_64\lib\cmake\Qt5Gui\"/>
		</Unit>
		<Unit filename="H:/MyStuff/PrivateProjects/CPPProjects/ArmSimulator/src/asmeditor/AsmEditor/../../../../../../../Programme/QT/5.12.8/mingw73_64/lib/cmake/Qt5Gui/Qt5Gui_QGifPlugin.cmake">
			<Option virtualFolder="CMake Files\..\..\..\..\..\..\..\Programme\QT\5.12.8\mingw73_64\lib\cmake\Qt5Gui\"/>
		</Unit>
		<Unit filename="H:/MyStuff/PrivateProjects/CPPProjects/ArmSimulator/src/asmeditor/AsmEditor/../../../../../../../Programme/QT/5.12.8/mingw73_64/lib/cmake/Qt5Gui/Qt5Gui_QICNSPlugin.cmake">
			<Option virtualFolder="CMake Files\..\..\..\..\..\..\..\Programme\QT\5.12.8\mingw73_64\lib\cmake\Qt5Gui\"/>
		</Unit>
		<Unit filename="H:/MyStuff/PrivateProjects/CPPProjects/ArmSimulator/src/asmeditor/AsmEditor/../../../../../../../Programme/QT/5.12.8/mingw73_64/lib/cmake/Qt5Gui/Qt5Gui_QICOPlugin.cmake">
			<Option virtualFolder="CMake Files\..\..\..\..\..\..\..\Programme\QT\5.12.8\mingw73_64\lib\cmake\Qt5Gui\"/>
		</Unit>
		<Unit filename="H:/MyStuff/PrivateProjects/CPPProjects/ArmSimulator/src/asmeditor/AsmEditor/../../../../../../../Programme/QT/5.12.8/mingw73_64/lib/cmake/Qt5Gui/Qt5Gui_QJpegPlugin.cmake">
			<Option virtualFolder="CMake Files\..\..\..\..\..\..\..\Programme\QT\5.12.8\mingw73_64\lib\cmake\Qt5Gui\"/>
		</Unit>
		<Unit filename="H:/MyStuff/PrivateProjects/CPPProjects/ArmSimulator/src/asmeditor/AsmEditor/../../../../../../../Programme/QT/5.12.8/mingw73_64/lib/cmake/Qt5Gui/Qt5Gui_QMinimalIntegrationPlugin.cmake">
			<Option virtualFolder="CMake Files\..\..\..\..\..\..\..\Programme\QT\5.12.8\mingw73_64\lib\cmake\Qt5Gui\"/>
		</Unit>
		<Unit filename="H:/MyStuff/PrivateProjects/CPPProjects/ArmSimulator/src/asmeditor/AsmEditor/../../../../../../../Programme/QT/5.12.8/mingw73_64/lib/cmake/Qt5Gui/Qt5Gui_QOffscreenIntegrationPlugin.cmake">
			<Option virtualFolder="CMake Files\..\..\..\..\..\..\..\Programme\QT\5.12.8\mingw73_64\lib\cmake\Qt5Gui\"/>
		</Unit>
		<Unit filename="H:/MyStuff/PrivateProjects/CPPProjects/ArmSimulator/src/asmeditor/AsmEditor/../../../../../../../Programme/QT/5.12.8/mingw73_64/lib/cmake/Qt5Gui/Qt5Gui_QTgaPlugin.cmake">
			<Option virtualFolder="CMake Files\..\..\..\..\..\..\..\Programme\QT\5.12.8\mingw73_64\lib\cmake\Qt5Gui\"/>
		</Unit>
		<Unit filename="H:/MyStuff/PrivateProjects/CPPProjects/ArmSimulator/src/asmeditor/AsmEditor/../../../../../../../Programme/QT/5.12.8/mingw73_64/lib/cmake/Qt5Gui/Qt5Gui_QTiffPlugin.cmake">
			<Option virtualFolder="CMake Files\..\..\..\..\..\..\..\Programme\QT\5.12.8\mingw73_64\lib\cmake\Qt5Gui\"/>
		</Unit>
		<Unit filename="H:/MyStuff/PrivateProjects/CPPProjects/ArmSimulator/src/asmeditor/AsmEditor/../../../../../../../Programme/QT/5.12.8/mingw73_64/lib/cmake/Qt5Gui/Qt5Gui_QTuioTouchPlugin.cmake">
			<Option virtualFolder="CMake Files\..\..\..\..\..\..\..\Programme\QT\5.12.8\mingw73_64\lib\cmake\Qt5Gui\"/>
		</Unit>
		<Unit filename="H:/MyStuff/PrivateProjects/CPPProjects/ArmSimulator/src/asmeditor/AsmEditor/../../../../../../../Programme/QT/5.12.8/mingw73_64/lib/cmake/Qt5Gui/Qt5Gui_QWbmpPlugin.cmake">
			<Option virtualFolder="CMake Files\..\..\..\..\..\..\..\Programme\QT\5.12.8\mingw73_64\lib\cmake\Qt5Gui\"/>
		</Unit>
		<Unit filename="H:/MyStuff/PrivateProjects/CPPProjects/ArmSimulator/src/asmeditor/AsmEditor/../../../../../../../Programme/QT/5.12.8/mingw73_64/lib/cmake/Qt5Gui/Qt5Gui_QWebpPlugin.cmake">
			<Option virtualFolder="CMake Files\..\..\..\..\..\..\..\Programme\QT\5.12.8\mingw73_64\lib\cmake\Qt5Gui\"/>
		</Unit>
		<Unit filename="H:/MyStuff/PrivateProjects/CPPProjects/ArmSimulator/src/asmeditor/AsmEditor/../../../../../../../Programme/QT/5.12.8/mingw73_64/lib/cmake/Qt5Gui/Qt5Gui_QWindowsDirect2DIntegrationPlugin.cmake">
			<Option virtualFolder="CMake Files\..\..\..\..\..\..\..\Programme\QT\5.12.8\mingw73_64\lib\cmake\Qt5Gui\"/>
		</Unit>
		<Unit filename="H:/MyStuff/PrivateProjects/CPPProjects/ArmSimulator/src/asmeditor/AsmEditor/../../../../../../../Programme/QT/5.12.8/mingw73_64/lib/cmake/Qt5Gui/Qt5Gui_QWindowsIntegrationPlugin.cmake">
			<Option virtualFolder="CMake Files\..\..\..\..\..\..\..\Programme\QT\5.12.8\mingw73_64\lib\cmake\Qt5Gui\"/>
		</Unit>
		<Unit filename="H:/MyStuff/PrivateProjects/CPPProjects/ArmSimulator/src/asmeditor/AsmEditor/../../../../../../../Programme/QT/5.12.8/mingw73_64/lib/cmake/Qt5Gui/Qt5Gui_QXdgDesktopPortalThemePlugin.cmake">
			<Option virtualFolder="CMake Files\..\..\..\..\..\..\..\Programme\QT\5.12.8\mingw73_64\lib\cmake\Qt5Gui\"/>
		</Unit>
		<Unit filename="H:/MyStuff/PrivateProjects/CPPProjects/ArmSimulator/src/asmeditor/AsmEditor/../../../../../../../Programme/QT/5.12.8/mingw73_64/lib/cmake/Qt5Core/Qt5CoreConfig.cmake">
			<Option virtualFolder="CMake Files\..\..\..\..\..\..\..\Programme\QT\5.12.8\mingw73_64\lib\cmake\Qt5Core\"/>
		</Unit>
		<Unit filename="H:/MyStuff/PrivateProjects/CPPProjects/ArmSimulator/src/asmeditor/AsmEditor/../../../../../../../Programme/QT/5.12.8/mingw73_64/lib/cmake/Qt5Core/Qt5CoreConfigExtras.cmake">
			<Option virtualFolder="CMake Files\..\..\..\..\..\..\..\Programme\QT\5.12.8\mingw73_64\lib\cmake\Qt5Core\"/>
		</Unit>
		<Unit filename="H:/MyStuff/PrivateProjects/CPPProjects/ArmSimulator/src/asmeditor/AsmEditor/../../../../../../../Programme/QT/5.12.8/mingw73_64/lib/cmake/Qt5Core/Qt5CoreConfigExtrasMkspecDir.cmake">
			<Option virtualFolder="CMake Files\..\..\..\..\..\..\..\Programme\QT\5.12.8\mingw73_64\lib\cmake\Qt5Core\"/>
		</Unit>
		<Unit filename="H:/MyStuff/PrivateProjects/CPPProjects/ArmSimulator/src/asmeditor/AsmEditor/../../../../../../../Programme/QT/5.12.8/mingw73_64/lib/cmake/Qt5Core/Qt5CoreConfigVersion.cmake">
			<Option virtualFolder="CMake Files\..\..\..\..\..\..\..\Programme\QT\5.12.8\mingw73_64\lib\cmake\Qt5Core\"/>
		</Unit>
		<Unit filename="H:/MyStuff/PrivateProjects/CPPProjects/ArmSimulator/src/asmeditor/AsmEditor/../../../../../../../Programme/QT/5.12.8/mingw73_64/lib/cmake/Qt5Core/Qt5CoreMacros.cmake">
			<Option virtualFolder="CMake Files\..\..\..\..\..\..\..\Programme\QT\5.12.8\mingw73_64\lib\cmake\Qt5Core\"/>
		</Unit>
	</Project>
</CodeBlocks_project_file>
