<?xml version="1.0" encoding="UTF-8"?>
<CodeBlocks_project_file>
	<FileVersion major="1" minor="6"/>
	<Project>
		<Option title="TEST"/>
		<Option makefile_is_custom="1"/>
		<Option compiler="gcc"/>
		<Option virtualFolders="CMake Files\;CMake Files\..\;CMake Files\..\..\;CMake Files\..\..\..\;CMake Files\..\..\..\..\;CMake Files\..\..\..\..\..\;CMake Files\..\..\..\..\..\..\;CMake Files\..\..\..\..\..\..\..\;CMake Files\..\..\..\..\..\..\..\Programme\;CMake Files\..\..\..\..\..\..\..\Programme\QT\;CMake Files\..\..\..\..\..\..\..\Programme\QT\5.12.8\;CMake Files\..\..\..\..\..\..\..\Programme\QT\5.12.8\mingw73_64\;CMake Files\..\..\..\..\..\..\..\Programme\QT\5.12.8\mingw73_64\lib\;CMake Files\..\..\..\..\..\..\..\Programme\QT\5.12.8\mingw73_64\lib\cmake\;CMake Files\..\..\..\..\..\..\..\Programme\QT\5.12.8\mingw73_64\lib\cmake\Qt5\;CMake Files\..\..\..\..\..\..\..\Programme\QT\5.12.8\mingw73_64\lib\cmake\Qt5Widgets\;CMake Files\..\..\..\..\..\..\..\Programme\QT\5.12.8\mingw73_64\lib\cmake\Qt5Gui\;CMake Files\..\..\..\..\..\..\..\Programme\QT\5.12.8\mingw73_64\lib\cmake\Qt5Core\;CMake Files\..\build-AsmEditor-Desktop_Qt_5_12_8_MinGW_64_bit-Debug\;CMake Files\..\build-AsmEditor-Desktop_Qt_5_12_8_MinGW_64_bit-Debug\armparser\;CMake Files\..\build-AsmEditor-Desktop_Qt_5_12_8_MinGW_64_bit-Debug\armparser\antlr4_runtime\;CMake Files\..\build-AsmEditor-Desktop_Qt_5_12_8_MinGW_64_bit-Debug\armparser\antlr4_runtime\tmp\;CMake Files\armparser\;CMake Files\armparser\cmake\;"/>
		<Build>
			<Target title="all">
				<Option working_dir="H:/MyStuff/PrivateProjects/CPPProjects/ArmSimulator/src/asmeditor/build-AsmEditor-Desktop_Qt_5_12_8_MinGW_64_bit-Debug/armparser"/>
				<Option type="4"/>
				<MakeCommands>
					<Build command="H:/Programme/Ninja/ninja.exe -v all"/>
					<CompileFile command="H:/Programme/Ninja/ninja.exe -v &quot;$file&quot;"/>
					<Clean command="H:/Programme/Ninja/ninja.exe -v clean"/>
					<DistClean command="H:/Programme/Ninja/ninja.exe -v clean"/>
				</MakeCommands>
			</Target>
			<Target title="antlr4_runtime-build_static">
				<Option working_dir="H:/MyStuff/PrivateProjects/CPPProjects/ArmSimulator/src/asmeditor/build-AsmEditor-Desktop_Qt_5_12_8_MinGW_64_bit-Debug/armparser"/>
				<Option type="4"/>
				<MakeCommands>
					<Build command="H:/Programme/Ninja/ninja.exe -v antlr4_runtime-build_static"/>
					<CompileFile command="H:/Programme/Ninja/ninja.exe -v &quot;$file&quot;"/>
					<Clean command="H:/Programme/Ninja/ninja.exe -v clean"/>
					<DistClean command="H:/Programme/Ninja/ninja.exe -v clean"/>
				</MakeCommands>
			</Target>
			<Target title="parser">
				<Option output="H:/MyStuff/PrivateProjects/CPPProjects/ArmSimulator/src/asmeditor/build-AsmEditor-Desktop_Qt_5_12_8_MinGW_64_bit-Debug/armparser/parser.exe" prefix_auto="0" extension_auto="0"/>
				<Option working_dir="H:/MyStuff/PrivateProjects/CPPProjects/ArmSimulator/src/asmeditor/build-AsmEditor-Desktop_Qt_5_12_8_MinGW_64_bit-Debug/armparser"/>
				<Option object_output="./"/>
				<Option type="1"/>
				<Option compiler="gcc"/>
				<Compiler>
					<Add option="-DANTLR4CPP_STATIC"/>
					<Add directory="H:/MyStuff/PrivateProjects/CPPProjects/ArmSimulator/src/asmeditor/build-AsmEditor-Desktop_Qt_5_12_8_MinGW_64_bit-Debug/armparser"/>
					<Add directory="H:/MyStuff/PrivateProjects/CPPProjects/ArmSimulator/src/asmeditor/AsmEditor/armparser"/>
					<Add directory="H:/MyStuff/PrivateProjects/CPPProjects/ArmSimulator/src/asmeditor/build-AsmEditor-Desktop_Qt_5_12_8_MinGW_64_bit-Debug/armparser/parser_autogen/include"/>
					<Add directory="H:/MyStuff/PrivateProjects/CPPProjects/ArmSimulator/src/asmeditor/build-AsmEditor-Desktop_Qt_5_12_8_MinGW_64_bit-Debug/armparser/antlr4_runtime/src/antlr4_runtime/runtime/Cpp/runtime/src"/>
					<Add directory="H:/MyStuff/PrivateProjects/CPPProjects/ArmSimulator/src/asmeditor/AsmEditor/armparser/assembler"/>
					<Add directory="H:/MyStuff/PrivateProjects/CPPProjects/ArmSimulator/src/asmeditor/AsmEditor/armparser/walker"/>
					<Add directory="H:/Programme/QT/Tools/mingw730_64/bin/../lib/gcc/x86_64-w64-mingw32/7.3.0/include/c++"/>
					<Add directory="H:/Programme/QT/Tools/mingw730_64/bin/../lib/gcc/x86_64-w64-mingw32/7.3.0/include/c++/x86_64-w64-mingw32"/>
					<Add directory="H:/Programme/QT/Tools/mingw730_64/bin/../lib/gcc/x86_64-w64-mingw32/7.3.0/include/c++/backward"/>
					<Add directory="H:/Programme/QT/Tools/mingw730_64/bin/../lib/gcc/x86_64-w64-mingw32/7.3.0/include"/>
					<Add directory="H:/Programme/QT/Tools/mingw730_64/bin/../lib/gcc/x86_64-w64-mingw32/7.3.0/include-fixed"/>
					<Add directory="H:/Programme/QT/Tools/mingw730_64/bin/../lib/gcc/x86_64-w64-mingw32/7.3.0/../../../../x86_64-w64-mingw32/include"/>
				</Compiler>
				<MakeCommands>
					<Build command="H:/Programme/Ninja/ninja.exe -v parser"/>
					<CompileFile command="H:/Programme/Ninja/ninja.exe -v &quot;$file&quot;"/>
					<Clean command="H:/Programme/Ninja/ninja.exe -v clean"/>
					<DistClean command="H:/Programme/Ninja/ninja.exe -v clean"/>
				</MakeCommands>
			</Target>
			<Target title="parser/fast">
				<Option output="H:/MyStuff/PrivateProjects/CPPProjects/ArmSimulator/src/asmeditor/build-AsmEditor-Desktop_Qt_5_12_8_MinGW_64_bit-Debug/armparser/parser.exe" prefix_auto="0" extension_auto="0"/>
				<Option working_dir="H:/MyStuff/PrivateProjects/CPPProjects/ArmSimulator/src/asmeditor/build-AsmEditor-Desktop_Qt_5_12_8_MinGW_64_bit-Debug/armparser"/>
				<Option object_output="./"/>
				<Option type="1"/>
				<Option compiler="gcc"/>
				<Compiler>
					<Add option="-DANTLR4CPP_STATIC"/>
					<Add directory="H:/MyStuff/PrivateProjects/CPPProjects/ArmSimulator/src/asmeditor/build-AsmEditor-Desktop_Qt_5_12_8_MinGW_64_bit-Debug/armparser"/>
					<Add directory="H:/MyStuff/PrivateProjects/CPPProjects/ArmSimulator/src/asmeditor/AsmEditor/armparser"/>
					<Add directory="H:/MyStuff/PrivateProjects/CPPProjects/ArmSimulator/src/asmeditor/build-AsmEditor-Desktop_Qt_5_12_8_MinGW_64_bit-Debug/armparser/parser_autogen/include"/>
					<Add directory="H:/MyStuff/PrivateProjects/CPPProjects/ArmSimulator/src/asmeditor/build-AsmEditor-Desktop_Qt_5_12_8_MinGW_64_bit-Debug/armparser/antlr4_runtime/src/antlr4_runtime/runtime/Cpp/runtime/src"/>
					<Add directory="H:/MyStuff/PrivateProjects/CPPProjects/ArmSimulator/src/asmeditor/AsmEditor/armparser/assembler"/>
					<Add directory="H:/MyStuff/PrivateProjects/CPPProjects/ArmSimulator/src/asmeditor/AsmEditor/armparser/walker"/>
					<Add directory="H:/Programme/QT/Tools/mingw730_64/bin/../lib/gcc/x86_64-w64-mingw32/7.3.0/include/c++"/>
					<Add directory="H:/Programme/QT/Tools/mingw730_64/bin/../lib/gcc/x86_64-w64-mingw32/7.3.0/include/c++/x86_64-w64-mingw32"/>
					<Add directory="H:/Programme/QT/Tools/mingw730_64/bin/../lib/gcc/x86_64-w64-mingw32/7.3.0/include/c++/backward"/>
					<Add directory="H:/Programme/QT/Tools/mingw730_64/bin/../lib/gcc/x86_64-w64-mingw32/7.3.0/include"/>
					<Add directory="H:/Programme/QT/Tools/mingw730_64/bin/../lib/gcc/x86_64-w64-mingw32/7.3.0/include-fixed"/>
					<Add directory="H:/Programme/QT/Tools/mingw730_64/bin/../lib/gcc/x86_64-w64-mingw32/7.3.0/../../../../x86_64-w64-mingw32/include"/>
				</Compiler>
				<MakeCommands>
					<Build command="H:/Programme/Ninja/ninja.exe -v parser/fast"/>
					<CompileFile command="H:/Programme/Ninja/ninja.exe -v &quot;$file&quot;"/>
					<Clean command="H:/Programme/Ninja/ninja.exe -v clean"/>
					<DistClean command="H:/Programme/Ninja/ninja.exe -v clean"/>
				</MakeCommands>
			</Target>
			<Target title="antlr4_runtime">
				<Option working_dir="H:/MyStuff/PrivateProjects/CPPProjects/ArmSimulator/src/asmeditor/build-AsmEditor-Desktop_Qt_5_12_8_MinGW_64_bit-Debug/armparser"/>
				<Option type="4"/>
				<MakeCommands>
					<Build command="H:/Programme/Ninja/ninja.exe -v antlr4_runtime"/>
					<CompileFile command="H:/Programme/Ninja/ninja.exe -v &quot;$file&quot;"/>
					<Clean command="H:/Programme/Ninja/ninja.exe -v clean"/>
					<DistClean command="H:/Programme/Ninja/ninja.exe -v clean"/>
				</MakeCommands>
			</Target>
			<Target title="antlr4_runtime-build_shared">
				<Option working_dir="H:/MyStuff/PrivateProjects/CPPProjects/ArmSimulator/src/asmeditor/build-AsmEditor-Desktop_Qt_5_12_8_MinGW_64_bit-Debug/armparser"/>
				<Option type="4"/>
				<MakeCommands>
					<Build command="H:/Programme/Ninja/ninja.exe -v antlr4_runtime-build_shared"/>
					<CompileFile command="H:/Programme/Ninja/ninja.exe -v &quot;$file&quot;"/>
					<Clean command="H:/Programme/Ninja/ninja.exe -v clean"/>
					<DistClean command="H:/Programme/Ninja/ninja.exe -v clean"/>
				</MakeCommands>
			</Target>
			<Target title="parser_autogen">
				<Option working_dir="H:/MyStuff/PrivateProjects/CPPProjects/ArmSimulator/src/asmeditor/build-AsmEditor-Desktop_Qt_5_12_8_MinGW_64_bit-Debug/armparser"/>
				<Option type="4"/>
				<MakeCommands>
					<Build command="H:/Programme/Ninja/ninja.exe -v parser_autogen"/>
					<CompileFile command="H:/Programme/Ninja/ninja.exe -v &quot;$file&quot;"/>
					<Clean command="H:/Programme/Ninja/ninja.exe -v clean"/>
					<DistClean command="H:/Programme/Ninja/ninja.exe -v clean"/>
				</MakeCommands>
			</Target>
		</Build>
		<Unit filename="H:/MyStuff/PrivateProjects/CPPProjects/ArmSimulator/src/asmeditor/AsmEditor/armparser/assembler/ARMLexer.cpp">
			<Option target="parser"/>
		</Unit>
		<Unit filename="H:/MyStuff/PrivateProjects/CPPProjects/ArmSimulator/src/asmeditor/AsmEditor/armparser/assembler/ARMLexer.h">
			<Option target="parser"/>
		</Unit>
		<Unit filename="H:/MyStuff/PrivateProjects/CPPProjects/ArmSimulator/src/asmeditor/AsmEditor/armparser/assembler/ARMParser.cpp">
			<Option target="parser"/>
		</Unit>
		<Unit filename="H:/MyStuff/PrivateProjects/CPPProjects/ArmSimulator/src/asmeditor/AsmEditor/armparser/assembler/ARMParser.h">
			<Option target="parser"/>
		</Unit>
		<Unit filename="H:/MyStuff/PrivateProjects/CPPProjects/ArmSimulator/src/asmeditor/AsmEditor/armparser/assembler/ARMParserBaseListener.cpp">
			<Option target="parser"/>
		</Unit>
		<Unit filename="H:/MyStuff/PrivateProjects/CPPProjects/ArmSimulator/src/asmeditor/AsmEditor/armparser/assembler/ARMParserBaseListener.h">
			<Option target="parser"/>
		</Unit>
		<Unit filename="H:/MyStuff/PrivateProjects/CPPProjects/ArmSimulator/src/asmeditor/AsmEditor/armparser/assembler/ARMParserBaseVisitor.cpp">
			<Option target="parser"/>
		</Unit>
		<Unit filename="H:/MyStuff/PrivateProjects/CPPProjects/ArmSimulator/src/asmeditor/AsmEditor/armparser/assembler/ARMParserBaseVisitor.h">
			<Option target="parser"/>
		</Unit>
		<Unit filename="H:/MyStuff/PrivateProjects/CPPProjects/ArmSimulator/src/asmeditor/AsmEditor/armparser/assembler/ARMParserListener.cpp">
			<Option target="parser"/>
		</Unit>
		<Unit filename="H:/MyStuff/PrivateProjects/CPPProjects/ArmSimulator/src/asmeditor/AsmEditor/armparser/assembler/ARMParserListener.h">
			<Option target="parser"/>
		</Unit>
		<Unit filename="H:/MyStuff/PrivateProjects/CPPProjects/ArmSimulator/src/asmeditor/AsmEditor/armparser/assembler/ARMParserVisitor.cpp">
			<Option target="parser"/>
		</Unit>
		<Unit filename="H:/MyStuff/PrivateProjects/CPPProjects/ArmSimulator/src/asmeditor/AsmEditor/armparser/assembler/ARMParserVisitor.h">
			<Option target="parser"/>
		</Unit>
		<Unit filename="H:/MyStuff/PrivateProjects/CPPProjects/ArmSimulator/src/asmeditor/AsmEditor/armparser/main.cpp">
			<Option target="parser"/>
		</Unit>
		<Unit filename="H:/MyStuff/PrivateProjects/CPPProjects/ArmSimulator/src/asmeditor/AsmEditor/armparser/walker/CommandVisitor.cpp">
			<Option target="parser"/>
		</Unit>
		<Unit filename="H:/MyStuff/PrivateProjects/CPPProjects/ArmSimulator/src/asmeditor/AsmEditor/armparser/walker/CommandVisitor.h">
			<Option target="parser"/>
		</Unit>
		<Unit filename="H:/MyStuff/PrivateProjects/CPPProjects/ArmSimulator/src/asmeditor/build-AsmEditor-Desktop_Qt_5_12_8_MinGW_64_bit-Debug/armparser/parser_autogen/mocs_compilation.cpp">
			<Option target="parser"/>
		</Unit>
		<Unit filename="H:/MyStuff/PrivateProjects/CPPProjects/ArmSimulator/src/asmeditor/AsmEditor/CMakeLists.txt">
			<Option virtualFolder="CMake Files\"/>
		</Unit>
		<Unit filename="H:/MyStuff/PrivateProjects/CPPProjects/ArmSimulator/src/asmeditor/AsmEditor/Resources.qrc">
			<Option virtualFolder="CMake Files\"/>
		</Unit>
		<Unit filename="H:/MyStuff/PrivateProjects/CPPProjects/ArmSimulator/src/asmeditor/AsmEditor/../../../../../../../Programme/QT/5.12.8/mingw73_64/lib/cmake/Qt5/Qt5Config.cmake">
			<Option virtualFolder="CMake Files\..\..\..\..\..\..\..\Programme\QT\5.12.8\mingw73_64\lib\cmake\Qt5\"/>
		</Unit>
		<Unit filename="H:/MyStuff/PrivateProjects/CPPProjects/ArmSimulator/src/asmeditor/AsmEditor/../../../../../../../Programme/QT/5.12.8/mingw73_64/lib/cmake/Qt5/Qt5ConfigVersion.cmake">
			<Option virtualFolder="CMake Files\..\..\..\..\..\..\..\Programme\QT\5.12.8\mingw73_64\lib\cmake\Qt5\"/>
		</Unit>
		<Unit filename="H:/MyStuff/PrivateProjects/CPPProjects/ArmSimulator/src/asmeditor/AsmEditor/../../../../../../../Programme/QT/5.12.8/mingw73_64/lib/cmake/Qt5/Qt5ModuleLocation.cmake">
			<Option virtualFolder="CMake Files\..\..\..\..\..\..\..\Programme\QT\5.12.8\mingw73_64\lib\cmake\Qt5\"/>
		</Unit>
		<Unit filename="H:/MyStuff/PrivateProjects/CPPProjects/ArmSimulator/src/asmeditor/AsmEditor/../../../../../../../Programme/QT/5.12.8/mingw73_64/lib/cmake/Qt5Widgets/Qt5WidgetsConfig.cmake">
			<Option virtualFolder="CMake Files\..\..\..\..\..\..\..\Programme\QT\5.12.8\mingw73_64\lib\cmake\Qt5Widgets\"/>
		</Unit>
		<Unit filename="H:/MyStuff/PrivateProjects/CPPProjects/ArmSimulator/src/asmeditor/AsmEditor/../../../../../../../Programme/QT/5.12.8/mingw73_64/lib/cmake/Qt5Widgets/Qt5WidgetsConfigExtras.cmake">
			<Option virtualFolder="CMake Files\..\..\..\..\..\..\..\Programme\QT\5.12.8\mingw73_64\lib\cmake\Qt5Widgets\"/>
		</Unit>
		<Unit filename="H:/MyStuff/PrivateProjects/CPPProjects/ArmSimulator/src/asmeditor/AsmEditor/../../../../../../../Programme/QT/5.12.8/mingw73_64/lib/cmake/Qt5Widgets/Qt5WidgetsConfigVersion.cmake">
			<Option virtualFolder="CMake Files\..\..\..\..\..\..\..\Programme\QT\5.12.8\mingw73_64\lib\cmake\Qt5Widgets\"/>
		</Unit>
		<Unit filename="H:/MyStuff/PrivateProjects/CPPProjects/ArmSimulator/src/asmeditor/AsmEditor/../../../../../../../Programme/QT/5.12.8/mingw73_64/lib/cmake/Qt5Widgets/Qt5WidgetsMacros.cmake">
			<Option virtualFolder="CMake Files\..\..\..\..\..\..\..\Programme\QT\5.12.8\mingw73_64\lib\cmake\Qt5Widgets\"/>
		</Unit>
		<Unit filename="H:/MyStuff/PrivateProjects/CPPProjects/ArmSimulator/src/asmeditor/AsmEditor/../../../../../../../Programme/QT/5.12.8/mingw73_64/lib/cmake/Qt5Widgets/Qt5Widgets_QWindowsVistaStylePlugin.cmake">
			<Option virtualFolder="CMake Files\..\..\..\..\..\..\..\Programme\QT\5.12.8\mingw73_64\lib\cmake\Qt5Widgets\"/>
		</Unit>
		<Unit filename="H:/MyStuff/PrivateProjects/CPPProjects/ArmSimulator/src/asmeditor/AsmEditor/../../../../../../../Programme/QT/5.12.8/mingw73_64/lib/cmake/Qt5Gui/Qt5GuiConfig.cmake">
			<Option virtualFolder="CMake Files\..\..\..\..\..\..\..\Programme\QT\5.12.8\mingw73_64\lib\cmake\Qt5Gui\"/>
		</Unit>
		<Unit filename="H:/MyStuff/PrivateProjects/CPPProjects/ArmSimulator/src/asmeditor/AsmEditor/../../../../../../../Programme/QT/5.12.8/mingw73_64/lib/cmake/Qt5Gui/Qt5GuiConfigExtras.cmake">
			<Option virtualFolder="CMake Files\..\..\..\..\..\..\..\Programme\QT\5.12.8\mingw73_64\lib\cmake\Qt5Gui\"/>
		</Unit>
		<Unit filename="H:/MyStuff/PrivateProjects/CPPProjects/ArmSimulator/src/asmeditor/AsmEditor/../../../../../../../Programme/QT/5.12.8/mingw73_64/lib/cmake/Qt5Gui/Qt5GuiConfigVersion.cmake">
			<Option virtualFolder="CMake Files\..\..\..\..\..\..\..\Programme\QT\5.12.8\mingw73_64\lib\cmake\Qt5Gui\"/>
		</Unit>
		<Unit filename="H:/MyStuff/PrivateProjects/CPPProjects/ArmSimulator/src/asmeditor/AsmEditor/../../../../../../../Programme/QT/5.12.8/mingw73_64/lib/cmake/Qt5Gui/Qt5Gui_QGifPlugin.cmake">
			<Option virtualFolder="CMake Files\..\..\..\..\..\..\..\Programme\QT\5.12.8\mingw73_64\lib\cmake\Qt5Gui\"/>
		</Unit>
		<Unit filename="H:/MyStuff/PrivateProjects/CPPProjects/ArmSimulator/src/asmeditor/AsmEditor/../../../../../../../Programme/QT/5.12.8/mingw73_64/lib/cmake/Qt5Gui/Qt5Gui_QICNSPlugin.cmake">
			<Option virtualFolder="CMake Files\..\..\..\..\..\..\..\Programme\QT\5.12.8\mingw73_64\lib\cmake\Qt5Gui\"/>
		</Unit>
		<Unit filename="H:/MyStuff/PrivateProjects/CPPProjects/ArmSimulator/src/asmeditor/AsmEditor/../../../../../../../Programme/QT/5.12.8/mingw73_64/lib/cmake/Qt5Gui/Qt5Gui_QICOPlugin.cmake">
			<Option virtualFolder="CMake Files\..\..\..\..\..\..\..\Programme\QT\5.12.8\mingw73_64\lib\cmake\Qt5Gui\"/>
		</Unit>
		<Unit filename="H:/MyStuff/PrivateProjects/CPPProjects/ArmSimulator/src/asmeditor/AsmEditor/../../../../../../../Programme/QT/5.12.8/mingw73_64/lib/cmake/Qt5Gui/Qt5Gui_QJpegPlugin.cmake">
			<Option virtualFolder="CMake Files\..\..\..\..\..\..\..\Programme\QT\5.12.8\mingw73_64\lib\cmake\Qt5Gui\"/>
		</Unit>
		<Unit filename="H:/MyStuff/PrivateProjects/CPPProjects/ArmSimulator/src/asmeditor/AsmEditor/../../../../../../../Programme/QT/5.12.8/mingw73_64/lib/cmake/Qt5Gui/Qt5Gui_QMinimalIntegrationPlugin.cmake">
			<Option virtualFolder="CMake Files\..\..\..\..\..\..\..\Programme\QT\5.12.8\mingw73_64\lib\cmake\Qt5Gui\"/>
		</Unit>
		<Unit filename="H:/MyStuff/PrivateProjects/CPPProjects/ArmSimulator/src/asmeditor/AsmEditor/../../../../../../../Programme/QT/5.12.8/mingw73_64/lib/cmake/Qt5Gui/Qt5Gui_QOffscreenIntegrationPlugin.cmake">
			<Option virtualFolder="CMake Files\..\..\..\..\..\..\..\Programme\QT\5.12.8\mingw73_64\lib\cmake\Qt5Gui\"/>
		</Unit>
		<Unit filename="H:/MyStuff/PrivateProjects/CPPProjects/ArmSimulator/src/asmeditor/AsmEditor/../../../../../../../Programme/QT/5.12.8/mingw73_64/lib/cmake/Qt5Gui/Qt5Gui_QTgaPlugin.cmake">
			<Option virtualFolder="CMake Files\..\..\..\..\..\..\..\Programme\QT\5.12.8\mingw73_64\lib\cmake\Qt5Gui\"/>
		</Unit>
		<Unit filename="H:/MyStuff/PrivateProjects/CPPProjects/ArmSimulator/src/asmeditor/AsmEditor/../../../../../../../Programme/QT/5.12.8/mingw73_64/lib/cmake/Qt5Gui/Qt5Gui_QTiffPlugin.cmake">
			<Option virtualFolder="CMake Files\..\..\..\..\..\..\..\Programme\QT\5.12.8\mingw73_64\lib\cmake\Qt5Gui\"/>
		</Unit>
		<Unit filename="H:/MyStuff/PrivateProjects/CPPProjects/ArmSimulator/src/asmeditor/AsmEditor/../../../../../../../Programme/QT/5.12.8/mingw73_64/lib/cmake/Qt5Gui/Qt5Gui_QTuioTouchPlugin.cmake">
			<Option virtualFolder="CMake Files\..\..\..\..\..\..\..\Programme\QT\5.12.8\mingw73_64\lib\cmake\Qt5Gui\"/>
		</Unit>
		<Unit filename="H:/MyStuff/PrivateProjects/CPPProjects/ArmSimulator/src/asmeditor/AsmEditor/../../../../../../../Programme/QT/5.12.8/mingw73_64/lib/cmake/Qt5Gui/Qt5Gui_QWbmpPlugin.cmake">
			<Option virtualFolder="CMake Files\..\..\..\..\..\..\..\Programme\QT\5.12.8\mingw73_64\lib\cmake\Qt5Gui\"/>
		</Unit>
		<Unit filename="H:/MyStuff/PrivateProjects/CPPProjects/ArmSimulator/src/asmeditor/AsmEditor/../../../../../../../Programme/QT/5.12.8/mingw73_64/lib/cmake/Qt5Gui/Qt5Gui_QWebpPlugin.cmake">
			<Option virtualFolder="CMake Files\..\..\..\..\..\..\..\Programme\QT\5.12.8\mingw73_64\lib\cmake\Qt5Gui\"/>
		</Unit>
		<Unit filename="H:/MyStuff/PrivateProjects/CPPProjects/ArmSimulator/src/asmeditor/AsmEditor/../../../../../../../Programme/QT/5.12.8/mingw73_64/lib/cmake/Qt5Gui/Qt5Gui_QWindowsDirect2DIntegrationPlugin.cmake">
			<Option virtualFolder="CMake Files\..\..\..\..\..\..\..\Programme\QT\5.12.8\mingw73_64\lib\cmake\Qt5Gui\"/>
		</Unit>
		<Unit filename="H:/MyStuff/PrivateProjects/CPPProjects/ArmSimulator/src/asmeditor/AsmEditor/../../../../../../../Programme/QT/5.12.8/mingw73_64/lib/cmake/Qt5Gui/Qt5Gui_QWindowsIntegrationPlugin.cmake">
			<Option virtualFolder="CMake Files\..\..\..\..\..\..\..\Programme\QT\5.12.8\mingw73_64\lib\cmake\Qt5Gui\"/>
		</Unit>
		<Unit filename="H:/MyStuff/PrivateProjects/CPPProjects/ArmSimulator/src/asmeditor/AsmEditor/../../../../../../../Programme/QT/5.12.8/mingw73_64/lib/cmake/Qt5Gui/Qt5Gui_QXdgDesktopPortalThemePlugin.cmake">
			<Option virtualFolder="CMake Files\..\..\..\..\..\..\..\Programme\QT\5.12.8\mingw73_64\lib\cmake\Qt5Gui\"/>
		</Unit>
		<Unit filename="H:/MyStuff/PrivateProjects/CPPProjects/ArmSimulator/src/asmeditor/AsmEditor/../../../../../../../Programme/QT/5.12.8/mingw73_64/lib/cmake/Qt5Core/Qt5CoreConfig.cmake">
			<Option virtualFolder="CMake Files\..\..\..\..\..\..\..\Programme\QT\5.12.8\mingw73_64\lib\cmake\Qt5Core\"/>
		</Unit>
		<Unit filename="H:/MyStuff/PrivateProjects/CPPProjects/ArmSimulator/src/asmeditor/AsmEditor/../../../../../../../Programme/QT/5.12.8/mingw73_64/lib/cmake/Qt5Core/Qt5CoreConfigExtras.cmake">
			<Option virtualFolder="CMake Files\..\..\..\..\..\..\..\Programme\QT\5.12.8\mingw73_64\lib\cmake\Qt5Core\"/>
		</Unit>
		<Unit filename="H:/MyStuff/PrivateProjects/CPPProjects/ArmSimulator/src/asmeditor/AsmEditor/../../../../../../../Programme/QT/5.12.8/mingw73_64/lib/cmake/Qt5Core/Qt5CoreConfigExtrasMkspecDir.cmake">
			<Option virtualFolder="CMake Files\..\..\..\..\..\..\..\Programme\QT\5.12.8\mingw73_64\lib\cmake\Qt5Core\"/>
		</Unit>
		<Unit filename="H:/MyStuff/PrivateProjects/CPPProjects/ArmSimulator/src/asmeditor/AsmEditor/../../../../../../../Programme/QT/5.12.8/mingw73_64/lib/cmake/Qt5Core/Qt5CoreConfigVersion.cmake">
			<Option virtualFolder="CMake Files\..\..\..\..\..\..\..\Programme\QT\5.12.8\mingw73_64\lib\cmake\Qt5Core\"/>
		</Unit>
		<Unit filename="H:/MyStuff/PrivateProjects/CPPProjects/ArmSimulator/src/asmeditor/AsmEditor/../../../../../../../Programme/QT/5.12.8/mingw73_64/lib/cmake/Qt5Core/Qt5CoreMacros.cmake">
			<Option virtualFolder="CMake Files\..\..\..\..\..\..\..\Programme\QT\5.12.8\mingw73_64\lib\cmake\Qt5Core\"/>
		</Unit>
		<Unit filename="H:/MyStuff/PrivateProjects/CPPProjects/ArmSimulator/src/asmeditor/AsmEditor/../build-AsmEditor-Desktop_Qt_5_12_8_MinGW_64_bit-Debug/armparser/antlr4_runtime/tmp/antlr4_runtime-cfgcmd.txt.in">
			<Option virtualFolder="CMake Files\..\build-AsmEditor-Desktop_Qt_5_12_8_MinGW_64_bit-Debug\armparser\antlr4_runtime\tmp\"/>
		</Unit>
		<Unit filename="H:/MyStuff/PrivateProjects/CPPProjects/ArmSimulator/src/asmeditor/AsmEditor/armparser/CMakeLists.txt">
			<Option virtualFolder="CMake Files\armparser\"/>
		</Unit>
		<Unit filename="H:/MyStuff/PrivateProjects/CPPProjects/ArmSimulator/src/asmeditor/AsmEditor/armparser/cmake/ExternalAntlr4Cpp.cmake">
			<Option virtualFolder="CMake Files\armparser\cmake\"/>
		</Unit>
		<Unit filename="H:/MyStuff/PrivateProjects/CPPProjects/ArmSimulator/src/asmeditor/AsmEditor/armparser/cmake/FindANTLR.cmake">
			<Option virtualFolder="CMake Files\armparser\cmake\"/>
		</Unit>
	</Project>
</CodeBlocks_project_file>
