<?xml version="1.0" encoding="UTF-8"?>
<CodeBlocks_project_file>
	<FileVersion major="1" minor="6"/>
	<Project>
		<Option title="AsmEditor"/>
		<Option makefile_is_custom="1"/>
		<Option compiler="gcc"/>
		<Option virtualFolders="CMake Files\;CMake Files\cmake\;CMake Files\..\;CMake Files\..\linrelease\;CMake Files\..\linrelease\antlr4_runtime\;CMake Files\..\linrelease\antlr4_runtime\tmp\;CMake Files\..\..\;CMake Files\..\..\..\;CMake Files\..\..\..\..\;CMake Files\..\..\..\..\..\;CMake Files\..\..\..\..\..\..\;CMake Files\..\..\..\..\..\..\..\;CMake Files\..\..\..\..\..\..\..\..\;CMake Files\..\..\..\..\..\..\..\..\..\;CMake Files\..\..\..\..\..\..\..\..\..\usr\;CMake Files\..\..\..\..\..\..\..\..\..\usr\lib64\;CMake Files\..\..\..\..\..\..\..\..\..\usr\lib64\cmake\;CMake Files\..\..\..\..\..\..\..\..\..\usr\lib64\cmake\Qt5\;CMake Files\..\..\..\..\..\..\..\..\..\usr\lib64\cmake\Qt5Widgets\;CMake Files\..\..\..\..\..\..\..\..\..\usr\lib64\cmake\Qt5Gui\;CMake Files\..\..\..\..\..\..\..\..\..\usr\lib64\cmake\Qt5Core\;"/>
		<Build>
			<Target title="all">
				<Option working_dir="/home/user/MyStuff/PrivateProjects/CPPProjects/ArmSimulator/src/asmeditor/linrelease"/>
				<Option type="4"/>
				<MakeCommands>
					<Build command="/usr/bin/ninja -v all"/>
					<CompileFile command="/usr/bin/ninja -v &quot;$file&quot;"/>
					<Clean command="/usr/bin/ninja -v clean"/>
					<DistClean command="/usr/bin/ninja -v clean"/>
				</MakeCommands>
			</Target>
			<Target title="rebuild_cache">
				<Option working_dir="/home/user/MyStuff/PrivateProjects/CPPProjects/ArmSimulator/src/asmeditor/linrelease"/>
				<Option type="4"/>
				<MakeCommands>
					<Build command="/usr/bin/ninja -v rebuild_cache"/>
					<CompileFile command="/usr/bin/ninja -v &quot;$file&quot;"/>
					<Clean command="/usr/bin/ninja -v clean"/>
					<DistClean command="/usr/bin/ninja -v clean"/>
				</MakeCommands>
			</Target>
			<Target title="antlr4_runtime-build_static">
				<Option working_dir="/home/user/MyStuff/PrivateProjects/CPPProjects/ArmSimulator/src/asmeditor/linrelease"/>
				<Option type="4"/>
				<MakeCommands>
					<Build command="/usr/bin/ninja -v antlr4_runtime-build_static"/>
					<CompileFile command="/usr/bin/ninja -v &quot;$file&quot;"/>
					<Clean command="/usr/bin/ninja -v clean"/>
					<DistClean command="/usr/bin/ninja -v clean"/>
				</MakeCommands>
			</Target>
			<Target title="antlr4_runtime-build_shared">
				<Option working_dir="/home/user/MyStuff/PrivateProjects/CPPProjects/ArmSimulator/src/asmeditor/linrelease"/>
				<Option type="4"/>
				<MakeCommands>
					<Build command="/usr/bin/ninja -v antlr4_runtime-build_shared"/>
					<CompileFile command="/usr/bin/ninja -v &quot;$file&quot;"/>
					<Clean command="/usr/bin/ninja -v clean"/>
					<DistClean command="/usr/bin/ninja -v clean"/>
				</MakeCommands>
			</Target>
			<Target title="antlr4_runtime">
				<Option working_dir="/home/user/MyStuff/PrivateProjects/CPPProjects/ArmSimulator/src/asmeditor/linrelease"/>
				<Option type="4"/>
				<MakeCommands>
					<Build command="/usr/bin/ninja -v antlr4_runtime"/>
					<CompileFile command="/usr/bin/ninja -v &quot;$file&quot;"/>
					<Clean command="/usr/bin/ninja -v clean"/>
					<DistClean command="/usr/bin/ninja -v clean"/>
				</MakeCommands>
			</Target>
			<Target title="AsmEditor">
				<Option output="/home/user/MyStuff/PrivateProjects/CPPProjects/ArmSimulator/src/asmeditor/linrelease/AsmEditor" prefix_auto="0" extension_auto="0"/>
				<Option working_dir="/home/user/MyStuff/PrivateProjects/CPPProjects/ArmSimulator/src/asmeditor/linrelease"/>
				<Option object_output="./"/>
				<Option type="1"/>
				<Option compiler="gcc"/>
				<Compiler>
					<Add option="-DANTLR4CPP_STATIC"/>
					<Add option="-DQT_NO_KEYWORDS"/>
					<Add option="-DQT_WIDGETS_LIB"/>
					<Add option="-DQT_GUI_LIB"/>
					<Add option="-DQT_CORE_LIB"/>
					<Add option="-DQT_NO_DEBUG"/>
					<Add directory="/home/user/MyStuff/PrivateProjects/CPPProjects/ArmSimulator/src/asmeditor/linrelease"/>
					<Add directory="/home/user/MyStuff/PrivateProjects/CPPProjects/ArmSimulator/src/asmeditor/AsmEditor"/>
					<Add directory="/home/user/MyStuff/PrivateProjects/CPPProjects/ArmSimulator/src/asmeditor/linrelease/AsmEditor_autogen/include"/>
					<Add directory="/home/user/MyStuff/PrivateProjects/CPPProjects/ArmSimulator/src/asmeditor/linrelease/antlr4_runtime/src/antlr4_runtime/runtime/Cpp/runtime/src"/>
					<Add directory="/home/user/MyStuff/PrivateProjects/CPPProjects/ArmSimulator/src/asmeditor/AsmEditor/armparser/assembler"/>
					<Add directory="/home/user/MyStuff/PrivateProjects/CPPProjects/ArmSimulator/src/asmeditor/AsmEditor/armparser/walker"/>
					<Add directory="/home/user/MyStuff/PrivateProjects/CPPProjects/ArmSimulator/src/asmeditor/AsmEditor/codearea"/>
					<Add directory="/home/user/MyStuff/PrivateProjects/CPPProjects/ArmSimulator/src/asmeditor/AsmEditor/managers"/>
					<Add directory="/home/user/MyStuff/PrivateProjects/CPPProjects/ArmSimulator/src/asmeditor/AsmEditor/armparser"/>
					<Add directory="/usr/include/qt"/>
					<Add directory="/usr/include/qt/QtWidgets"/>
					<Add directory="/usr/include/qt/QtGui"/>
					<Add directory="/usr/include/qt/QtCore"/>
					<Add directory="/usr/lib/qt/mkspecs/linux-g++"/>
					<Add directory="/usr/lib/gcc/x86_64-pc-linux-gnu/9.2.1/../../../../include/c++/9.2.1"/>
					<Add directory="/usr/lib/gcc/x86_64-pc-linux-gnu/9.2.1/../../../../include/c++/9.2.1/x86_64-pc-linux-gnu"/>
					<Add directory="/usr/lib/gcc/x86_64-pc-linux-gnu/9.2.1/../../../../include/c++/9.2.1/backward"/>
					<Add directory="/usr/lib/gcc/x86_64-pc-linux-gnu/9.2.1/include"/>
					<Add directory="/usr/local/include"/>
					<Add directory="/usr/lib/gcc/x86_64-pc-linux-gnu/9.2.1/include-fixed"/>
					<Add directory="/usr/include"/>
				</Compiler>
				<MakeCommands>
					<Build command="/usr/bin/ninja -v AsmEditor"/>
					<CompileFile command="/usr/bin/ninja -v &quot;$file&quot;"/>
					<Clean command="/usr/bin/ninja -v clean"/>
					<DistClean command="/usr/bin/ninja -v clean"/>
				</MakeCommands>
			</Target>
			<Target title="AsmEditor/fast">
				<Option output="/home/user/MyStuff/PrivateProjects/CPPProjects/ArmSimulator/src/asmeditor/linrelease/AsmEditor" prefix_auto="0" extension_auto="0"/>
				<Option working_dir="/home/user/MyStuff/PrivateProjects/CPPProjects/ArmSimulator/src/asmeditor/linrelease"/>
				<Option object_output="./"/>
				<Option type="1"/>
				<Option compiler="gcc"/>
				<Compiler>
					<Add option="-DANTLR4CPP_STATIC"/>
					<Add option="-DQT_NO_KEYWORDS"/>
					<Add option="-DQT_WIDGETS_LIB"/>
					<Add option="-DQT_GUI_LIB"/>
					<Add option="-DQT_CORE_LIB"/>
					<Add option="-DQT_NO_DEBUG"/>
					<Add directory="/home/user/MyStuff/PrivateProjects/CPPProjects/ArmSimulator/src/asmeditor/linrelease"/>
					<Add directory="/home/user/MyStuff/PrivateProjects/CPPProjects/ArmSimulator/src/asmeditor/AsmEditor"/>
					<Add directory="/home/user/MyStuff/PrivateProjects/CPPProjects/ArmSimulator/src/asmeditor/linrelease/AsmEditor_autogen/include"/>
					<Add directory="/home/user/MyStuff/PrivateProjects/CPPProjects/ArmSimulator/src/asmeditor/linrelease/antlr4_runtime/src/antlr4_runtime/runtime/Cpp/runtime/src"/>
					<Add directory="/home/user/MyStuff/PrivateProjects/CPPProjects/ArmSimulator/src/asmeditor/AsmEditor/armparser/assembler"/>
					<Add directory="/home/user/MyStuff/PrivateProjects/CPPProjects/ArmSimulator/src/asmeditor/AsmEditor/armparser/walker"/>
					<Add directory="/home/user/MyStuff/PrivateProjects/CPPProjects/ArmSimulator/src/asmeditor/AsmEditor/codearea"/>
					<Add directory="/home/user/MyStuff/PrivateProjects/CPPProjects/ArmSimulator/src/asmeditor/AsmEditor/managers"/>
					<Add directory="/home/user/MyStuff/PrivateProjects/CPPProjects/ArmSimulator/src/asmeditor/AsmEditor/armparser"/>
					<Add directory="/usr/include/qt"/>
					<Add directory="/usr/include/qt/QtWidgets"/>
					<Add directory="/usr/include/qt/QtGui"/>
					<Add directory="/usr/include/qt/QtCore"/>
					<Add directory="/usr/lib/qt/mkspecs/linux-g++"/>
					<Add directory="/usr/lib/gcc/x86_64-pc-linux-gnu/9.2.1/../../../../include/c++/9.2.1"/>
					<Add directory="/usr/lib/gcc/x86_64-pc-linux-gnu/9.2.1/../../../../include/c++/9.2.1/x86_64-pc-linux-gnu"/>
					<Add directory="/usr/lib/gcc/x86_64-pc-linux-gnu/9.2.1/../../../../include/c++/9.2.1/backward"/>
					<Add directory="/usr/lib/gcc/x86_64-pc-linux-gnu/9.2.1/include"/>
					<Add directory="/usr/local/include"/>
					<Add directory="/usr/lib/gcc/x86_64-pc-linux-gnu/9.2.1/include-fixed"/>
					<Add directory="/usr/include"/>
				</Compiler>
				<MakeCommands>
					<Build command="/usr/bin/ninja -v AsmEditor/fast"/>
					<CompileFile command="/usr/bin/ninja -v &quot;$file&quot;"/>
					<Clean command="/usr/bin/ninja -v clean"/>
					<DistClean command="/usr/bin/ninja -v clean"/>
				</MakeCommands>
			</Target>
			<Target title="edit_cache">
				<Option working_dir="/home/user/MyStuff/PrivateProjects/CPPProjects/ArmSimulator/src/asmeditor/linrelease"/>
				<Option type="4"/>
				<MakeCommands>
					<Build command="/usr/bin/ninja -v edit_cache"/>
					<CompileFile command="/usr/bin/ninja -v &quot;$file&quot;"/>
					<Clean command="/usr/bin/ninja -v clean"/>
					<DistClean command="/usr/bin/ninja -v clean"/>
				</MakeCommands>
			</Target>
			<Target title="AsmEditor_autogen">
				<Option working_dir="/home/user/MyStuff/PrivateProjects/CPPProjects/ArmSimulator/src/asmeditor/linrelease"/>
				<Option type="4"/>
				<MakeCommands>
					<Build command="/usr/bin/ninja -v AsmEditor_autogen"/>
					<CompileFile command="/usr/bin/ninja -v &quot;$file&quot;"/>
					<Clean command="/usr/bin/ninja -v clean"/>
					<DistClean command="/usr/bin/ninja -v clean"/>
				</MakeCommands>
			</Target>
		</Build>
		<Unit filename="/home/user/MyStuff/PrivateProjects/CPPProjects/ArmSimulator/src/asmeditor/AsmEditor/Resources.qrc">
			<Option target="AsmEditor"/>
		</Unit>
		<Unit filename="/home/user/MyStuff/PrivateProjects/CPPProjects/ArmSimulator/src/asmeditor/AsmEditor/armparser/assembler/ARMLexer.cpp">
			<Option target="AsmEditor"/>
		</Unit>
		<Unit filename="/home/user/MyStuff/PrivateProjects/CPPProjects/ArmSimulator/src/asmeditor/AsmEditor/armparser/assembler/ARMLexer.h">
			<Option target="AsmEditor"/>
		</Unit>
		<Unit filename="/home/user/MyStuff/PrivateProjects/CPPProjects/ArmSimulator/src/asmeditor/AsmEditor/armparser/assembler/ARMParser.cpp">
			<Option target="AsmEditor"/>
		</Unit>
		<Unit filename="/home/user/MyStuff/PrivateProjects/CPPProjects/ArmSimulator/src/asmeditor/AsmEditor/armparser/assembler/ARMParser.h">
			<Option target="AsmEditor"/>
		</Unit>
		<Unit filename="/home/user/MyStuff/PrivateProjects/CPPProjects/ArmSimulator/src/asmeditor/AsmEditor/armparser/assembler/ARMParserBaseListener.cpp">
			<Option target="AsmEditor"/>
		</Unit>
		<Unit filename="/home/user/MyStuff/PrivateProjects/CPPProjects/ArmSimulator/src/asmeditor/AsmEditor/armparser/assembler/ARMParserBaseListener.h">
			<Option target="AsmEditor"/>
		</Unit>
		<Unit filename="/home/user/MyStuff/PrivateProjects/CPPProjects/ArmSimulator/src/asmeditor/AsmEditor/armparser/assembler/ARMParserBaseVisitor.cpp">
			<Option target="AsmEditor"/>
		</Unit>
		<Unit filename="/home/user/MyStuff/PrivateProjects/CPPProjects/ArmSimulator/src/asmeditor/AsmEditor/armparser/assembler/ARMParserBaseVisitor.h">
			<Option target="AsmEditor"/>
		</Unit>
		<Unit filename="/home/user/MyStuff/PrivateProjects/CPPProjects/ArmSimulator/src/asmeditor/AsmEditor/armparser/assembler/ARMParserListener.cpp">
			<Option target="AsmEditor"/>
		</Unit>
		<Unit filename="/home/user/MyStuff/PrivateProjects/CPPProjects/ArmSimulator/src/asmeditor/AsmEditor/armparser/assembler/ARMParserListener.h">
			<Option target="AsmEditor"/>
		</Unit>
		<Unit filename="/home/user/MyStuff/PrivateProjects/CPPProjects/ArmSimulator/src/asmeditor/AsmEditor/armparser/assembler/ARMParserVisitor.cpp">
			<Option target="AsmEditor"/>
		</Unit>
		<Unit filename="/home/user/MyStuff/PrivateProjects/CPPProjects/ArmSimulator/src/asmeditor/AsmEditor/armparser/assembler/ARMParserVisitor.h">
			<Option target="AsmEditor"/>
		</Unit>
		<Unit filename="/home/user/MyStuff/PrivateProjects/CPPProjects/ArmSimulator/src/asmeditor/AsmEditor/armparser/walker/CommandVisitor.cpp">
			<Option target="AsmEditor"/>
		</Unit>
		<Unit filename="/home/user/MyStuff/PrivateProjects/CPPProjects/ArmSimulator/src/asmeditor/AsmEditor/armparser/walker/CommandVisitor.h">
			<Option target="AsmEditor"/>
		</Unit>
		<Unit filename="/home/user/MyStuff/PrivateProjects/CPPProjects/ArmSimulator/src/asmeditor/AsmEditor/armprocessor/architecture/ALU.cpp">
			<Option target="AsmEditor"/>
		</Unit>
		<Unit filename="/home/user/MyStuff/PrivateProjects/CPPProjects/ArmSimulator/src/asmeditor/AsmEditor/armprocessor/architecture/ALU.h">
			<Option target="AsmEditor"/>
		</Unit>
		<Unit filename="/home/user/MyStuff/PrivateProjects/CPPProjects/ArmSimulator/src/asmeditor/AsmEditor/armprocessor/architecture/Aluops.h">
			<Option target="AsmEditor"/>
		</Unit>
		<Unit filename="/home/user/MyStuff/PrivateProjects/CPPProjects/ArmSimulator/src/asmeditor/AsmEditor/armprocessor/architecture/CurrentProgramStatusRegister.h">
			<Option target="AsmEditor"/>
		</Unit>
		<Unit filename="/home/user/MyStuff/PrivateProjects/CPPProjects/ArmSimulator/src/asmeditor/AsmEditor/armprocessor/bits.cpp">
			<Option target="AsmEditor"/>
		</Unit>
		<Unit filename="/home/user/MyStuff/PrivateProjects/CPPProjects/ArmSimulator/src/asmeditor/AsmEditor/armprocessor/bits.h">
			<Option target="AsmEditor"/>
		</Unit>
		<Unit filename="/home/user/MyStuff/PrivateProjects/CPPProjects/ArmSimulator/src/asmeditor/AsmEditor/armprocessor/instructions/Condition.h">
			<Option target="AsmEditor"/>
		</Unit>
		<Unit filename="/home/user/MyStuff/PrivateProjects/CPPProjects/ArmSimulator/src/asmeditor/AsmEditor/armprocessor/instructions/Instruction.cpp">
			<Option target="AsmEditor"/>
		</Unit>
		<Unit filename="/home/user/MyStuff/PrivateProjects/CPPProjects/ArmSimulator/src/asmeditor/AsmEditor/armprocessor/instructions/Instruction.h">
			<Option target="AsmEditor"/>
		</Unit>
		<Unit filename="/home/user/MyStuff/PrivateProjects/CPPProjects/ArmSimulator/src/asmeditor/AsmEditor/armprocessor/instructions/SourceLocation.cpp">
			<Option target="AsmEditor"/>
		</Unit>
		<Unit filename="/home/user/MyStuff/PrivateProjects/CPPProjects/ArmSimulator/src/asmeditor/AsmEditor/armprocessor/instructions/SourceLocation.h">
			<Option target="AsmEditor"/>
		</Unit>
		<Unit filename="/home/user/MyStuff/PrivateProjects/CPPProjects/ArmSimulator/src/asmeditor/AsmEditor/armprocessor/processor.cpp">
			<Option target="AsmEditor"/>
		</Unit>
		<Unit filename="/home/user/MyStuff/PrivateProjects/CPPProjects/ArmSimulator/src/asmeditor/AsmEditor/armprocessor/processor.h">
			<Option target="AsmEditor"/>
		</Unit>
		<Unit filename="/home/user/MyStuff/PrivateProjects/CPPProjects/ArmSimulator/src/asmeditor/AsmEditor/codearea/BreakPointWidget.h">
			<Option target="AsmEditor"/>
		</Unit>
		<Unit filename="/home/user/MyStuff/PrivateProjects/CPPProjects/ArmSimulator/src/asmeditor/AsmEditor/codearea/codearea.cpp">
			<Option target="AsmEditor"/>
		</Unit>
		<Unit filename="/home/user/MyStuff/PrivateProjects/CPPProjects/ArmSimulator/src/asmeditor/AsmEditor/codearea/codearea.h">
			<Option target="AsmEditor"/>
		</Unit>
		<Unit filename="/home/user/MyStuff/PrivateProjects/CPPProjects/ArmSimulator/src/asmeditor/AsmEditor/codearea/highlighter.cpp">
			<Option target="AsmEditor"/>
		</Unit>
		<Unit filename="/home/user/MyStuff/PrivateProjects/CPPProjects/ArmSimulator/src/asmeditor/AsmEditor/codearea/highlighter.h">
			<Option target="AsmEditor"/>
		</Unit>
		<Unit filename="/home/user/MyStuff/PrivateProjects/CPPProjects/ArmSimulator/src/asmeditor/AsmEditor/codearea/linenumberwidget.h">
			<Option target="AsmEditor"/>
		</Unit>
		<Unit filename="/home/user/MyStuff/PrivateProjects/CPPProjects/ArmSimulator/src/asmeditor/AsmEditor/consolewindow/consolewindow.cpp">
			<Option target="AsmEditor"/>
		</Unit>
		<Unit filename="/home/user/MyStuff/PrivateProjects/CPPProjects/ArmSimulator/src/asmeditor/AsmEditor/consolewindow/consolewindow.h">
			<Option target="AsmEditor"/>
		</Unit>
		<Unit filename="/home/user/MyStuff/PrivateProjects/CPPProjects/ArmSimulator/src/asmeditor/AsmEditor/mainwindow.cpp">
			<Option target="AsmEditor"/>
		</Unit>
		<Unit filename="/home/user/MyStuff/PrivateProjects/CPPProjects/ArmSimulator/src/asmeditor/AsmEditor/mainwindow.h">
			<Option target="AsmEditor"/>
		</Unit>
		<Unit filename="/home/user/MyStuff/PrivateProjects/CPPProjects/ArmSimulator/src/asmeditor/AsmEditor/mainwindow.ui">
			<Option target="AsmEditor"/>
		</Unit>
		<Unit filename="/home/user/MyStuff/PrivateProjects/CPPProjects/ArmSimulator/src/asmeditor/AsmEditor/managers/filemanager.cpp">
			<Option target="AsmEditor"/>
		</Unit>
		<Unit filename="/home/user/MyStuff/PrivateProjects/CPPProjects/ArmSimulator/src/asmeditor/AsmEditor/managers/filemanager.h">
			<Option target="AsmEditor"/>
		</Unit>
		<Unit filename="/home/user/MyStuff/PrivateProjects/CPPProjects/ArmSimulator/src/asmeditor/AsmEditor/managers/processormanager.cpp">
			<Option target="AsmEditor"/>
		</Unit>
		<Unit filename="/home/user/MyStuff/PrivateProjects/CPPProjects/ArmSimulator/src/asmeditor/AsmEditor/managers/processormanager.h">
			<Option target="AsmEditor"/>
		</Unit>
		<Unit filename="/home/user/MyStuff/PrivateProjects/CPPProjects/ArmSimulator/src/asmeditor/linrelease/AsmEditor_autogen/EWIEGA46WW/qrc_Resources.cpp">
			<Option target="AsmEditor"/>
		</Unit>
		<Unit filename="/home/user/MyStuff/PrivateProjects/CPPProjects/ArmSimulator/src/asmeditor/linrelease/AsmEditor_autogen/EWIEGA46WW/qrc_Resources.cpp.rule">
			<Option target="AsmEditor"/>
		</Unit>
		<Unit filename="/home/user/MyStuff/PrivateProjects/CPPProjects/ArmSimulator/src/asmeditor/linrelease/AsmEditor_autogen/mocs_compilation.cpp">
			<Option target="AsmEditor"/>
		</Unit>
		<Unit filename="/home/user/MyStuff/PrivateProjects/CPPProjects/ArmSimulator/src/asmeditor/AsmEditor/CMakeLists.txt">
			<Option virtualFolder="CMake Files\"/>
		</Unit>
		<Unit filename="/home/user/MyStuff/PrivateProjects/CPPProjects/ArmSimulator/src/asmeditor/AsmEditor/Resources.qrc">
			<Option virtualFolder="CMake Files\"/>
		</Unit>
		<Unit filename="/home/user/MyStuff/PrivateProjects/CPPProjects/ArmSimulator/src/asmeditor/AsmEditor/cmake/ExternalAntlr4Cpp.cmake">
			<Option virtualFolder="CMake Files\cmake\"/>
		</Unit>
		<Unit filename="/home/user/MyStuff/PrivateProjects/CPPProjects/ArmSimulator/src/asmeditor/AsmEditor/cmake/FindANTLR.cmake">
			<Option virtualFolder="CMake Files\cmake\"/>
		</Unit>
		<Unit filename="/home/user/MyStuff/PrivateProjects/CPPProjects/ArmSimulator/src/asmeditor/AsmEditor/../linrelease/antlr4_runtime/tmp/antlr4_runtime-cfgcmd.txt.in">
			<Option virtualFolder="CMake Files\..\linrelease\antlr4_runtime\tmp\"/>
		</Unit>
		<Unit filename="/home/user/MyStuff/PrivateProjects/CPPProjects/ArmSimulator/src/asmeditor/AsmEditor/../../../../../../../../../usr/lib64/cmake/Qt5/Qt5Config.cmake">
			<Option virtualFolder="CMake Files\..\..\..\..\..\..\..\..\..\usr\lib64\cmake\Qt5\"/>
		</Unit>
		<Unit filename="/home/user/MyStuff/PrivateProjects/CPPProjects/ArmSimulator/src/asmeditor/AsmEditor/../../../../../../../../../usr/lib64/cmake/Qt5/Qt5ConfigVersion.cmake">
			<Option virtualFolder="CMake Files\..\..\..\..\..\..\..\..\..\usr\lib64\cmake\Qt5\"/>
		</Unit>
		<Unit filename="/home/user/MyStuff/PrivateProjects/CPPProjects/ArmSimulator/src/asmeditor/AsmEditor/../../../../../../../../../usr/lib64/cmake/Qt5/Qt5ModuleLocation.cmake">
			<Option virtualFolder="CMake Files\..\..\..\..\..\..\..\..\..\usr\lib64\cmake\Qt5\"/>
		</Unit>
		<Unit filename="/home/user/MyStuff/PrivateProjects/CPPProjects/ArmSimulator/src/asmeditor/AsmEditor/../../../../../../../../../usr/lib64/cmake/Qt5Widgets/Qt5WidgetsConfig.cmake">
			<Option virtualFolder="CMake Files\..\..\..\..\..\..\..\..\..\usr\lib64\cmake\Qt5Widgets\"/>
		</Unit>
		<Unit filename="/home/user/MyStuff/PrivateProjects/CPPProjects/ArmSimulator/src/asmeditor/AsmEditor/../../../../../../../../../usr/lib64/cmake/Qt5Widgets/Qt5WidgetsConfigExtras.cmake">
			<Option virtualFolder="CMake Files\..\..\..\..\..\..\..\..\..\usr\lib64\cmake\Qt5Widgets\"/>
		</Unit>
		<Unit filename="/home/user/MyStuff/PrivateProjects/CPPProjects/ArmSimulator/src/asmeditor/AsmEditor/../../../../../../../../../usr/lib64/cmake/Qt5Widgets/Qt5WidgetsConfigVersion.cmake">
			<Option virtualFolder="CMake Files\..\..\..\..\..\..\..\..\..\usr\lib64\cmake\Qt5Widgets\"/>
		</Unit>
		<Unit filename="/home/user/MyStuff/PrivateProjects/CPPProjects/ArmSimulator/src/asmeditor/AsmEditor/../../../../../../../../../usr/lib64/cmake/Qt5Widgets/Qt5WidgetsMacros.cmake">
			<Option virtualFolder="CMake Files\..\..\..\..\..\..\..\..\..\usr\lib64\cmake\Qt5Widgets\"/>
		</Unit>
		<Unit filename="/home/user/MyStuff/PrivateProjects/CPPProjects/ArmSimulator/src/asmeditor/AsmEditor/../../../../../../../../../usr/lib64/cmake/Qt5Gui/Qt5GuiConfig.cmake">
			<Option virtualFolder="CMake Files\..\..\..\..\..\..\..\..\..\usr\lib64\cmake\Qt5Gui\"/>
		</Unit>
		<Unit filename="/home/user/MyStuff/PrivateProjects/CPPProjects/ArmSimulator/src/asmeditor/AsmEditor/../../../../../../../../../usr/lib64/cmake/Qt5Gui/Qt5GuiConfigExtras.cmake">
			<Option virtualFolder="CMake Files\..\..\..\..\..\..\..\..\..\usr\lib64\cmake\Qt5Gui\"/>
		</Unit>
		<Unit filename="/home/user/MyStuff/PrivateProjects/CPPProjects/ArmSimulator/src/asmeditor/AsmEditor/../../../../../../../../../usr/lib64/cmake/Qt5Gui/Qt5GuiConfigVersion.cmake">
			<Option virtualFolder="CMake Files\..\..\..\..\..\..\..\..\..\usr\lib64\cmake\Qt5Gui\"/>
		</Unit>
		<Unit filename="/home/user/MyStuff/PrivateProjects/CPPProjects/ArmSimulator/src/asmeditor/AsmEditor/../../../../../../../../../usr/lib64/cmake/Qt5Gui/Qt5Gui_QComposePlatformInputContextPlugin.cmake">
			<Option virtualFolder="CMake Files\..\..\..\..\..\..\..\..\..\usr\lib64\cmake\Qt5Gui\"/>
		</Unit>
		<Unit filename="/home/user/MyStuff/PrivateProjects/CPPProjects/ArmSimulator/src/asmeditor/AsmEditor/../../../../../../../../../usr/lib64/cmake/Qt5Gui/Qt5Gui_QEglFSEmulatorIntegrationPlugin.cmake">
			<Option virtualFolder="CMake Files\..\..\..\..\..\..\..\..\..\usr\lib64\cmake\Qt5Gui\"/>
		</Unit>
		<Unit filename="/home/user/MyStuff/PrivateProjects/CPPProjects/ArmSimulator/src/asmeditor/AsmEditor/../../../../../../../../../usr/lib64/cmake/Qt5Gui/Qt5Gui_QEglFSIntegrationPlugin.cmake">
			<Option virtualFolder="CMake Files\..\..\..\..\..\..\..\..\..\usr\lib64\cmake\Qt5Gui\"/>
		</Unit>
		<Unit filename="/home/user/MyStuff/PrivateProjects/CPPProjects/ArmSimulator/src/asmeditor/AsmEditor/../../../../../../../../../usr/lib64/cmake/Qt5Gui/Qt5Gui_QEglFSKmsEglDeviceIntegrationPlugin.cmake">
			<Option virtualFolder="CMake Files\..\..\..\..\..\..\..\..\..\usr\lib64\cmake\Qt5Gui\"/>
		</Unit>
		<Unit filename="/home/user/MyStuff/PrivateProjects/CPPProjects/ArmSimulator/src/asmeditor/AsmEditor/../../../../../../../../../usr/lib64/cmake/Qt5Gui/Qt5Gui_QEglFSKmsGbmIntegrationPlugin.cmake">
			<Option virtualFolder="CMake Files\..\..\..\..\..\..\..\..\..\usr\lib64\cmake\Qt5Gui\"/>
		</Unit>
		<Unit filename="/home/user/MyStuff/PrivateProjects/CPPProjects/ArmSimulator/src/asmeditor/AsmEditor/../../../../../../../../../usr/lib64/cmake/Qt5Gui/Qt5Gui_QEglFSX11IntegrationPlugin.cmake">
			<Option virtualFolder="CMake Files\..\..\..\..\..\..\..\..\..\usr\lib64\cmake\Qt5Gui\"/>
		</Unit>
		<Unit filename="/home/user/MyStuff/PrivateProjects/CPPProjects/ArmSimulator/src/asmeditor/AsmEditor/../../../../../../../../../usr/lib64/cmake/Qt5Gui/Qt5Gui_QEvdevKeyboardPlugin.cmake">
			<Option virtualFolder="CMake Files\..\..\..\..\..\..\..\..\..\usr\lib64\cmake\Qt5Gui\"/>
		</Unit>
		<Unit filename="/home/user/MyStuff/PrivateProjects/CPPProjects/ArmSimulator/src/asmeditor/AsmEditor/../../../../../../../../../usr/lib64/cmake/Qt5Gui/Qt5Gui_QEvdevMousePlugin.cmake">
			<Option virtualFolder="CMake Files\..\..\..\..\..\..\..\..\..\usr\lib64\cmake\Qt5Gui\"/>
		</Unit>
		<Unit filename="/home/user/MyStuff/PrivateProjects/CPPProjects/ArmSimulator/src/asmeditor/AsmEditor/../../../../../../../../../usr/lib64/cmake/Qt5Gui/Qt5Gui_QEvdevTabletPlugin.cmake">
			<Option virtualFolder="CMake Files\..\..\..\..\..\..\..\..\..\usr\lib64\cmake\Qt5Gui\"/>
		</Unit>
		<Unit filename="/home/user/MyStuff/PrivateProjects/CPPProjects/ArmSimulator/src/asmeditor/AsmEditor/../../../../../../../../../usr/lib64/cmake/Qt5Gui/Qt5Gui_QEvdevTouchScreenPlugin.cmake">
			<Option virtualFolder="CMake Files\..\..\..\..\..\..\..\..\..\usr\lib64\cmake\Qt5Gui\"/>
		</Unit>
		<Unit filename="/home/user/MyStuff/PrivateProjects/CPPProjects/ArmSimulator/src/asmeditor/AsmEditor/../../../../../../../../../usr/lib64/cmake/Qt5Gui/Qt5Gui_QGifPlugin.cmake">
			<Option virtualFolder="CMake Files\..\..\..\..\..\..\..\..\..\usr\lib64\cmake\Qt5Gui\"/>
		</Unit>
		<Unit filename="/home/user/MyStuff/PrivateProjects/CPPProjects/ArmSimulator/src/asmeditor/AsmEditor/../../../../../../../../../usr/lib64/cmake/Qt5Gui/Qt5Gui_QGtk3ThemePlugin.cmake">
			<Option virtualFolder="CMake Files\..\..\..\..\..\..\..\..\..\usr\lib64\cmake\Qt5Gui\"/>
		</Unit>
		<Unit filename="/home/user/MyStuff/PrivateProjects/CPPProjects/ArmSimulator/src/asmeditor/AsmEditor/../../../../../../../../../usr/lib64/cmake/Qt5Gui/Qt5Gui_QICNSPlugin.cmake">
			<Option virtualFolder="CMake Files\..\..\..\..\..\..\..\..\..\usr\lib64\cmake\Qt5Gui\"/>
		</Unit>
		<Unit filename="/home/user/MyStuff/PrivateProjects/CPPProjects/ArmSimulator/src/asmeditor/AsmEditor/../../../../../../../../../usr/lib64/cmake/Qt5Gui/Qt5Gui_QICOPlugin.cmake">
			<Option virtualFolder="CMake Files\..\..\..\..\..\..\..\..\..\usr\lib64\cmake\Qt5Gui\"/>
		</Unit>
		<Unit filename="/home/user/MyStuff/PrivateProjects/CPPProjects/ArmSimulator/src/asmeditor/AsmEditor/../../../../../../../../../usr/lib64/cmake/Qt5Gui/Qt5Gui_QIbusPlatformInputContextPlugin.cmake">
			<Option virtualFolder="CMake Files\..\..\..\..\..\..\..\..\..\usr\lib64\cmake\Qt5Gui\"/>
		</Unit>
		<Unit filename="/home/user/MyStuff/PrivateProjects/CPPProjects/ArmSimulator/src/asmeditor/AsmEditor/../../../../../../../../../usr/lib64/cmake/Qt5Gui/Qt5Gui_QJp2Plugin.cmake">
			<Option virtualFolder="CMake Files\..\..\..\..\..\..\..\..\..\usr\lib64\cmake\Qt5Gui\"/>
		</Unit>
		<Unit filename="/home/user/MyStuff/PrivateProjects/CPPProjects/ArmSimulator/src/asmeditor/AsmEditor/../../../../../../../../../usr/lib64/cmake/Qt5Gui/Qt5Gui_QJpegPlugin.cmake">
			<Option virtualFolder="CMake Files\..\..\..\..\..\..\..\..\..\usr\lib64\cmake\Qt5Gui\"/>
		</Unit>
		<Unit filename="/home/user/MyStuff/PrivateProjects/CPPProjects/ArmSimulator/src/asmeditor/AsmEditor/../../../../../../../../../usr/lib64/cmake/Qt5Gui/Qt5Gui_QLibInputPlugin.cmake">
			<Option virtualFolder="CMake Files\..\..\..\..\..\..\..\..\..\usr\lib64\cmake\Qt5Gui\"/>
		</Unit>
		<Unit filename="/home/user/MyStuff/PrivateProjects/CPPProjects/ArmSimulator/src/asmeditor/AsmEditor/../../../../../../../../../usr/lib64/cmake/Qt5Gui/Qt5Gui_QLinuxFbIntegrationPlugin.cmake">
			<Option virtualFolder="CMake Files\..\..\..\..\..\..\..\..\..\usr\lib64\cmake\Qt5Gui\"/>
		</Unit>
		<Unit filename="/home/user/MyStuff/PrivateProjects/CPPProjects/ArmSimulator/src/asmeditor/AsmEditor/../../../../../../../../../usr/lib64/cmake/Qt5Gui/Qt5Gui_QMinimalEglIntegrationPlugin.cmake">
			<Option virtualFolder="CMake Files\..\..\..\..\..\..\..\..\..\usr\lib64\cmake\Qt5Gui\"/>
		</Unit>
		<Unit filename="/home/user/MyStuff/PrivateProjects/CPPProjects/ArmSimulator/src/asmeditor/AsmEditor/../../../../../../../../../usr/lib64/cmake/Qt5Gui/Qt5Gui_QMinimalIntegrationPlugin.cmake">
			<Option virtualFolder="CMake Files\..\..\..\..\..\..\..\..\..\usr\lib64\cmake\Qt5Gui\"/>
		</Unit>
		<Unit filename="/home/user/MyStuff/PrivateProjects/CPPProjects/ArmSimulator/src/asmeditor/AsmEditor/../../../../../../../../../usr/lib64/cmake/Qt5Gui/Qt5Gui_QMngPlugin.cmake">
			<Option virtualFolder="CMake Files\..\..\..\..\..\..\..\..\..\usr\lib64\cmake\Qt5Gui\"/>
		</Unit>
		<Unit filename="/home/user/MyStuff/PrivateProjects/CPPProjects/ArmSimulator/src/asmeditor/AsmEditor/../../../../../../../../../usr/lib64/cmake/Qt5Gui/Qt5Gui_QOffscreenIntegrationPlugin.cmake">
			<Option virtualFolder="CMake Files\..\..\..\..\..\..\..\..\..\usr\lib64\cmake\Qt5Gui\"/>
		</Unit>
		<Unit filename="/home/user/MyStuff/PrivateProjects/CPPProjects/ArmSimulator/src/asmeditor/AsmEditor/../../../../../../../../../usr/lib64/cmake/Qt5Gui/Qt5Gui_QSvgIconPlugin.cmake">
			<Option virtualFolder="CMake Files\..\..\..\..\..\..\..\..\..\usr\lib64\cmake\Qt5Gui\"/>
		</Unit>
		<Unit filename="/home/user/MyStuff/PrivateProjects/CPPProjects/ArmSimulator/src/asmeditor/AsmEditor/../../../../../../../../../usr/lib64/cmake/Qt5Gui/Qt5Gui_QSvgPlugin.cmake">
			<Option virtualFolder="CMake Files\..\..\..\..\..\..\..\..\..\usr\lib64\cmake\Qt5Gui\"/>
		</Unit>
		<Unit filename="/home/user/MyStuff/PrivateProjects/CPPProjects/ArmSimulator/src/asmeditor/AsmEditor/../../../../../../../../../usr/lib64/cmake/Qt5Gui/Qt5Gui_QTgaPlugin.cmake">
			<Option virtualFolder="CMake Files\..\..\..\..\..\..\..\..\..\usr\lib64\cmake\Qt5Gui\"/>
		</Unit>
		<Unit filename="/home/user/MyStuff/PrivateProjects/CPPProjects/ArmSimulator/src/asmeditor/AsmEditor/../../../../../../../../../usr/lib64/cmake/Qt5Gui/Qt5Gui_QTiffPlugin.cmake">
			<Option virtualFolder="CMake Files\..\..\..\..\..\..\..\..\..\usr\lib64\cmake\Qt5Gui\"/>
		</Unit>
		<Unit filename="/home/user/MyStuff/PrivateProjects/CPPProjects/ArmSimulator/src/asmeditor/AsmEditor/../../../../../../../../../usr/lib64/cmake/Qt5Gui/Qt5Gui_QTsLibPlugin.cmake">
			<Option virtualFolder="CMake Files\..\..\..\..\..\..\..\..\..\usr\lib64\cmake\Qt5Gui\"/>
		</Unit>
		<Unit filename="/home/user/MyStuff/PrivateProjects/CPPProjects/ArmSimulator/src/asmeditor/AsmEditor/../../../../../../../../../usr/lib64/cmake/Qt5Gui/Qt5Gui_QTuioTouchPlugin.cmake">
			<Option virtualFolder="CMake Files\..\..\..\..\..\..\..\..\..\usr\lib64\cmake\Qt5Gui\"/>
		</Unit>
		<Unit filename="/home/user/MyStuff/PrivateProjects/CPPProjects/ArmSimulator/src/asmeditor/AsmEditor/../../../../../../../../../usr/lib64/cmake/Qt5Gui/Qt5Gui_QVncIntegrationPlugin.cmake">
			<Option virtualFolder="CMake Files\..\..\..\..\..\..\..\..\..\usr\lib64\cmake\Qt5Gui\"/>
		</Unit>
		<Unit filename="/home/user/MyStuff/PrivateProjects/CPPProjects/ArmSimulator/src/asmeditor/AsmEditor/../../../../../../../../../usr/lib64/cmake/Qt5Gui/Qt5Gui_QWaylandEglPlatformIntegrationPlugin.cmake">
			<Option virtualFolder="CMake Files\..\..\..\..\..\..\..\..\..\usr\lib64\cmake\Qt5Gui\"/>
		</Unit>
		<Unit filename="/home/user/MyStuff/PrivateProjects/CPPProjects/ArmSimulator/src/asmeditor/AsmEditor/../../../../../../../../../usr/lib64/cmake/Qt5Gui/Qt5Gui_QWaylandIntegrationPlugin.cmake">
			<Option virtualFolder="CMake Files\..\..\..\..\..\..\..\..\..\usr\lib64\cmake\Qt5Gui\"/>
		</Unit>
		<Unit filename="/home/user/MyStuff/PrivateProjects/CPPProjects/ArmSimulator/src/asmeditor/AsmEditor/../../../../../../../../../usr/lib64/cmake/Qt5Gui/Qt5Gui_QWaylandXCompositeEglPlatformIntegrationPlugin.cmake">
			<Option virtualFolder="CMake Files\..\..\..\..\..\..\..\..\..\usr\lib64\cmake\Qt5Gui\"/>
		</Unit>
		<Unit filename="/home/user/MyStuff/PrivateProjects/CPPProjects/ArmSimulator/src/asmeditor/AsmEditor/../../../../../../../../../usr/lib64/cmake/Qt5Gui/Qt5Gui_QWaylandXCompositeGlxPlatformIntegrationPlugin.cmake">
			<Option virtualFolder="CMake Files\..\..\..\..\..\..\..\..\..\usr\lib64\cmake\Qt5Gui\"/>
		</Unit>
		<Unit filename="/home/user/MyStuff/PrivateProjects/CPPProjects/ArmSimulator/src/asmeditor/AsmEditor/../../../../../../../../../usr/lib64/cmake/Qt5Gui/Qt5Gui_QWbmpPlugin.cmake">
			<Option virtualFolder="CMake Files\..\..\..\..\..\..\..\..\..\usr\lib64\cmake\Qt5Gui\"/>
		</Unit>
		<Unit filename="/home/user/MyStuff/PrivateProjects/CPPProjects/ArmSimulator/src/asmeditor/AsmEditor/../../../../../../../../../usr/lib64/cmake/Qt5Gui/Qt5Gui_QWebpPlugin.cmake">
			<Option virtualFolder="CMake Files\..\..\..\..\..\..\..\..\..\usr\lib64\cmake\Qt5Gui\"/>
		</Unit>
		<Unit filename="/home/user/MyStuff/PrivateProjects/CPPProjects/ArmSimulator/src/asmeditor/AsmEditor/../../../../../../../../../usr/lib64/cmake/Qt5Gui/Qt5Gui_QXcbEglIntegrationPlugin.cmake">
			<Option virtualFolder="CMake Files\..\..\..\..\..\..\..\..\..\usr\lib64\cmake\Qt5Gui\"/>
		</Unit>
		<Unit filename="/home/user/MyStuff/PrivateProjects/CPPProjects/ArmSimulator/src/asmeditor/AsmEditor/../../../../../../../../../usr/lib64/cmake/Qt5Gui/Qt5Gui_QXcbGlxIntegrationPlugin.cmake">
			<Option virtualFolder="CMake Files\..\..\..\..\..\..\..\..\..\usr\lib64\cmake\Qt5Gui\"/>
		</Unit>
		<Unit filename="/home/user/MyStuff/PrivateProjects/CPPProjects/ArmSimulator/src/asmeditor/AsmEditor/../../../../../../../../../usr/lib64/cmake/Qt5Gui/Qt5Gui_QXcbIntegrationPlugin.cmake">
			<Option virtualFolder="CMake Files\..\..\..\..\..\..\..\..\..\usr\lib64\cmake\Qt5Gui\"/>
		</Unit>
		<Unit filename="/home/user/MyStuff/PrivateProjects/CPPProjects/ArmSimulator/src/asmeditor/AsmEditor/../../../../../../../../../usr/lib64/cmake/Qt5Gui/Qt5Gui_QXdgDesktopPortalThemePlugin.cmake">
			<Option virtualFolder="CMake Files\..\..\..\..\..\..\..\..\..\usr\lib64\cmake\Qt5Gui\"/>
		</Unit>
		<Unit filename="/home/user/MyStuff/PrivateProjects/CPPProjects/ArmSimulator/src/asmeditor/AsmEditor/../../../../../../../../../usr/lib64/cmake/Qt5Core/Qt5CoreConfig.cmake">
			<Option virtualFolder="CMake Files\..\..\..\..\..\..\..\..\..\usr\lib64\cmake\Qt5Core\"/>
		</Unit>
		<Unit filename="/home/user/MyStuff/PrivateProjects/CPPProjects/ArmSimulator/src/asmeditor/AsmEditor/../../../../../../../../../usr/lib64/cmake/Qt5Core/Qt5CoreConfigExtras.cmake">
			<Option virtualFolder="CMake Files\..\..\..\..\..\..\..\..\..\usr\lib64\cmake\Qt5Core\"/>
		</Unit>
		<Unit filename="/home/user/MyStuff/PrivateProjects/CPPProjects/ArmSimulator/src/asmeditor/AsmEditor/../../../../../../../../../usr/lib64/cmake/Qt5Core/Qt5CoreConfigExtrasMkspecDir.cmake">
			<Option virtualFolder="CMake Files\..\..\..\..\..\..\..\..\..\usr\lib64\cmake\Qt5Core\"/>
		</Unit>
		<Unit filename="/home/user/MyStuff/PrivateProjects/CPPProjects/ArmSimulator/src/asmeditor/AsmEditor/../../../../../../../../../usr/lib64/cmake/Qt5Core/Qt5CoreConfigVersion.cmake">
			<Option virtualFolder="CMake Files\..\..\..\..\..\..\..\..\..\usr\lib64\cmake\Qt5Core\"/>
		</Unit>
		<Unit filename="/home/user/MyStuff/PrivateProjects/CPPProjects/ArmSimulator/src/asmeditor/AsmEditor/../../../../../../../../../usr/lib64/cmake/Qt5Core/Qt5CoreMacros.cmake">
			<Option virtualFolder="CMake Files\..\..\..\..\..\..\..\..\..\usr\lib64\cmake\Qt5Core\"/>
		</Unit>
	</Project>
</CodeBlocks_project_file>
